
Microsoft Visual Studio Solution File, Format Version 12.00
# Visual Studio 15
VisualStudioVersion = 15.0.26020.0
MinimumVisualStudioVersion = 10.0.40219.1
Project("{8BC9CEB8-8B4A-11D0-8D11-00A0C91BC942}") = "App_BulletExampleBrowser", "App_BulletExampleBrowser.vcxproj", "{7BEA25E5-B87E-7249-B564-74555F36E18A}"
	ProjectSection(ProjectDependencies) = postProject
		{1BBBAEFC-DE48-0B41-A771-DCE9A39D7BF8} = {1BBBAEFC-DE48-0B41-A771-DCE9A39D7BF8}
		{76FD7E33-3F11-D345-B1DD-75F9A104B3C6} = {76FD7E33-3F11-D345-B1DD-75F9A104B3C6}
		{BA0327A4-58FD-B145-B446-61B1D00BAAE6} = {BA0327A4-58FD-B145-B446-61B1D00BAAE6}
		{88C346C8-B44B-CF4A-A4E8-EC409EF50A6E} = {88C346C8-B44B-CF4A-A4E8-EC409EF50A6E}
		{134622C9-95BF-B542-B80A-281252076831} = {134622C9-95BF-B542-B80A-281252076831}
		{560ED91E-88EB-C94F-93F0-7DAE76F4CB2A} = {560ED91E-88EB-C94F-93F0-7DAE76F4CB2A}
		{986C2941-34FB-5248-B50F-F0B7F69D825F} = {986C2941-34FB-5248-B50F-F0B7F69D825F}
		{964267E4-1D36-0E44-BDC5-2E7779B6BD2D} = {964267E4-1D36-0E44-BDC5-2E7779B6BD2D}
		{EE156D7D-9D90-114F-8169-669A1E7CEFC7} = {EE156D7D-9D90-114F-8169-669A1E7CEFC7}
		{874CB607-6C0F-2243-8D3D-F9F9727CFD4B} = {874CB607-6C0F-2243-8D3D-F9F9727CFD4B}
		{20B91305-3288-004E-87D1-4D23AFC0F259} = {20B91305-3288-004E-87D1-4D23AFC0F259}
		{4B0446EA-4BC6-6749-BEB0-BD5C8D05BBC8} = {4B0446EA-4BC6-6749-BEB0-BD5C8D05BBC8}
		{7797F126-D429-4F4F-B83F-ABD7A788D0BF} = {7797F126-D429-4F4F-B83F-ABD7A788D0BF}
		{9AFB442A-4ADE-DB44-89C9-6FFDC2DFBCF9} = {9AFB442A-4ADE-DB44-89C9-6FFDC2DFBCF9}
		{C54075AF-3888-5546-9A9C-80947F5C2751} = {C54075AF-3888-5546-9A9C-80947F5C2751}
	EndProjectSection
EndProject
Project("{8BC9CEB8-8B4A-11D0-8D11-00A0C91BC942}") = "BulletExampleBrowserLib", "BulletExampleBrowserLib.vcxproj", "{1BBBAEFC-DE48-0B41-A771-DCE9A39D7BF8}"
EndProject
Project("{8BC9CEB8-8B4A-11D0-8D11-00A0C91BC942}") = "OpenGL_Window", "OpenGL_Window.vcxproj", "{BA0327A4-58FD-B145-B446-61B1D00BAAE6}"
EndProject
Project("{8BC9CEB8-8B4A-11D0-8D11-00A0C91BC942}") = "gwen", "gwen.vcxproj", "{76FD7E33-3F11-D345-B1DD-75F9A104B3C6}"
EndProject
Project("{8BC9CEB8-8B4A-11D0-8D11-00A0C91BC942}") = "App_SimpleOpenGL3", "App_SimpleOpenGL3.vcxproj", "{47CA3F51-6044-6F4B-9762-E49D1FC3B992}"
	ProjectSection(ProjectDependencies) = postProject
		{BA0327A4-58FD-B145-B446-61B1D00BAAE6} = {BA0327A4-58FD-B145-B446-61B1D00BAAE6}
		{20B91305-3288-004E-87D1-4D23AFC0F259} = {20B91305-3288-004E-87D1-4D23AFC0F259}
	EndProjectSection
EndProject
Project("{8BC9CEB8-8B4A-11D0-8D11-00A0C91BC942}") = "App_TinyRenderer", "App_TinyRenderer.vcxproj", "{3C97D533-C311-2943-A8E6-CDB2608E2A52}"
	ProjectSection(ProjectDependencies) = postProject
		{BA0327A4-58FD-B145-B446-61B1D00BAAE6} = {BA0327A4-58FD-B145-B446-61B1D00BAAE6}
		{20B91305-3288-004E-87D1-4D23AFC0F259} = {20B91305-3288-004E-87D1-4D23AFC0F259}
	EndProjectSection
EndProject
Project("{8BC9CEB8-8B4A-11D0-8D11-00A0C91BC942}") = "App_HelloWorld", "App_HelloWorld.vcxproj", "{5053CF48-82DA-5643-B393-987A2FDF3329}"
	ProjectSection(ProjectDependencies) = postProject
		{986C2941-34FB-5248-B50F-F0B7F69D825F} = {986C2941-34FB-5248-B50F-F0B7F69D825F}
		{964267E4-1D36-0E44-BDC5-2E7779B6BD2D} = {964267E4-1D36-0E44-BDC5-2E7779B6BD2D}
		{EE156D7D-9D90-114F-8169-669A1E7CEFC7} = {EE156D7D-9D90-114F-8169-669A1E7CEFC7}
	EndProjectSection
EndProject
Project("{8BC9CEB8-8B4A-11D0-8D11-00A0C91BC942}") = "App_BasicExample", "App_BasicExample.vcxproj", "{741B75BD-3276-8A40-BB09-35A71E0C9457}"
	ProjectSection(ProjectDependencies) = postProject
		{986C2941-34FB-5248-B50F-F0B7F69D825F} = {986C2941-34FB-5248-B50F-F0B7F69D825F}
		{964267E4-1D36-0E44-BDC5-2E7779B6BD2D} = {964267E4-1D36-0E44-BDC5-2E7779B6BD2D}
		{EE156D7D-9D90-114F-8169-669A1E7CEFC7} = {EE156D7D-9D90-114F-8169-669A1E7CEFC7}
	EndProjectSection
EndProject
Project("{8BC9CEB8-8B4A-11D0-8D11-00A0C91BC942}") = "App_BasicExampleGui", "App_BasicExampleGui.vcxproj", "{C3F8362C-D88D-CB48-83C6-615827841B8C}"
	ProjectSection(ProjectDependencies) = postProject
		{986C2941-34FB-5248-B50F-F0B7F69D825F} = {986C2941-34FB-5248-B50F-F0B7F69D825F}
		{964267E4-1D36-0E44-BDC5-2E7779B6BD2D} = {964267E4-1D36-0E44-BDC5-2E7779B6BD2D}
		{EE156D7D-9D90-114F-8169-669A1E7CEFC7} = {EE156D7D-9D90-114F-8169-669A1E7CEFC7}
		{BA0327A4-58FD-B145-B446-61B1D00BAAE6} = {BA0327A4-58FD-B145-B446-61B1D00BAAE6}
		{20B91305-3288-004E-87D1-4D23AFC0F259} = {20B91305-3288-004E-87D1-4D23AFC0F259}
	EndProjectSection
EndProject
Project("{8BC9CEB8-8B4A-11D0-8D11-00A0C91BC942}") = "App_BasicExampleGuiWithSoftwareRenderer", "App_BasicExampleGuiWithSoftwareRenderer.vcxproj", "{09A02B58-483E-CA49-A62F-E4D6457B5850}"
	ProjectSection(ProjectDependencies) = postProject
		{986C2941-34FB-5248-B50F-F0B7F69D825F} = {986C2941-34FB-5248-B50F-F0B7F69D825F}
		{964267E4-1D36-0E44-BDC5-2E7779B6BD2D} = {964267E4-1D36-0E44-BDC5-2E7779B6BD2D}
		{EE156D7D-9D90-114F-8169-669A1E7CEFC7} = {EE156D7D-9D90-114F-8169-669A1E7CEFC7}
		{BA0327A4-58FD-B145-B446-61B1D00BAAE6} = {BA0327A4-58FD-B145-B446-61B1D00BAAE6}
		{20B91305-3288-004E-87D1-4D23AFC0F259} = {20B91305-3288-004E-87D1-4D23AFC0F259}
	EndProjectSection
EndProject
Project("{8BC9CEB8-8B4A-11D0-8D11-00A0C91BC942}") = "App_BasicExampleTinyRenderer", "App_BasicExampleTinyRenderer.vcxproj", "{6131429A-9F65-314B-88C2-0C93FFF6533E}"
	ProjectSection(ProjectDependencies) = postProject
		{986C2941-34FB-5248-B50F-F0B7F69D825F} = {986C2941-34FB-5248-B50F-F0B7F69D825F}
		{964267E4-1D36-0E44-BDC5-2E7779B6BD2D} = {964267E4-1D36-0E44-BDC5-2E7779B6BD2D}
		{EE156D7D-9D90-114F-8169-669A1E7CEFC7} = {EE156D7D-9D90-114F-8169-669A1E7CEFC7}
		{20B91305-3288-004E-87D1-4D23AFC0F259} = {20B91305-3288-004E-87D1-4D23AFC0F259}
	EndProjectSection
EndProject
Project("{8BC9CEB8-8B4A-11D0-8D11-00A0C91BC942}") = "App_InverseDynamicsExample", "App_InverseDynamicsExample.vcxproj", "{E2269B9B-C76F-AC42-8564-2AD4C33EC35C}"
	ProjectSection(ProjectDependencies) = postProject
		{134622C9-95BF-B542-B80A-281252076831} = {134622C9-95BF-B542-B80A-281252076831}
		{560ED91E-88EB-C94F-93F0-7DAE76F4CB2A} = {560ED91E-88EB-C94F-93F0-7DAE76F4CB2A}
		{20B91305-3288-004E-87D1-4D23AFC0F259} = {20B91305-3288-004E-87D1-4D23AFC0F259}
		{986C2941-34FB-5248-B50F-F0B7F69D825F} = {986C2941-34FB-5248-B50F-F0B7F69D825F}
		{964267E4-1D36-0E44-BDC5-2E7779B6BD2D} = {964267E4-1D36-0E44-BDC5-2E7779B6BD2D}
		{EE156D7D-9D90-114F-8169-669A1E7CEFC7} = {EE156D7D-9D90-114F-8169-669A1E7CEFC7}
	EndProjectSection
EndProject
Project("{8BC9CEB8-8B4A-11D0-8D11-00A0C91BC942}") = "App_InverseDynamicsExampleGui", "App_InverseDynamicsExampleGui.vcxproj", "{051D7FEF-6B1C-C943-B32D-2D290509F206}"
	ProjectSection(ProjectDependencies) = postProject
		{134622C9-95BF-B542-B80A-281252076831} = {134622C9-95BF-B542-B80A-281252076831}
		{560ED91E-88EB-C94F-93F0-7DAE76F4CB2A} = {560ED91E-88EB-C94F-93F0-7DAE76F4CB2A}
		{986C2941-34FB-5248-B50F-F0B7F69D825F} = {986C2941-34FB-5248-B50F-F0B7F69D825F}
		{964267E4-1D36-0E44-BDC5-2E7779B6BD2D} = {964267E4-1D36-0E44-BDC5-2E7779B6BD2D}
		{EE156D7D-9D90-114F-8169-669A1E7CEFC7} = {EE156D7D-9D90-114F-8169-669A1E7CEFC7}
		{BA0327A4-58FD-B145-B446-61B1D00BAAE6} = {BA0327A4-58FD-B145-B446-61B1D00BAAE6}
		{20B91305-3288-004E-87D1-4D23AFC0F259} = {20B91305-3288-004E-87D1-4D23AFC0F259}
	EndProjectSection
EndProject
Project("{8BC9CEB8-8B4A-11D0-8D11-00A0C91BC942}") = "App_InverseDynamicsExampleGuiWithSoftwareRenderer", "App_InverseDynamicsExampleGuiWithSoftwareRenderer.vcxproj", "{8C30C1A6-64EA-4D4B-BED5-D878C997E3B2}"
	ProjectSection(ProjectDependencies) = postProject
		{134622C9-95BF-B542-B80A-281252076831} = {134622C9-95BF-B542-B80A-281252076831}
		{560ED91E-88EB-C94F-93F0-7DAE76F4CB2A} = {560ED91E-88EB-C94F-93F0-7DAE76F4CB2A}
		{986C2941-34FB-5248-B50F-F0B7F69D825F} = {986C2941-34FB-5248-B50F-F0B7F69D825F}
		{964267E4-1D36-0E44-BDC5-2E7779B6BD2D} = {964267E4-1D36-0E44-BDC5-2E7779B6BD2D}
		{EE156D7D-9D90-114F-8169-669A1E7CEFC7} = {EE156D7D-9D90-114F-8169-669A1E7CEFC7}
		{BA0327A4-58FD-B145-B446-61B1D00BAAE6} = {BA0327A4-58FD-B145-B446-61B1D00BAAE6}
		{20B91305-3288-004E-87D1-4D23AFC0F259} = {20B91305-3288-004E-87D1-4D23AFC0F259}
	EndProjectSection
EndProject
Project("{8BC9CEB8-8B4A-11D0-8D11-00A0C91BC942}") = "App_InverseDynamicsExampleTinyRenderer", "App_InverseDynamicsExampleTinyRenderer.vcxproj", "{07CD2D1A-23F1-9B47-AD2D-3FF50DF7DA49}"
	ProjectSection(ProjectDependencies) = postProject
		{134622C9-95BF-B542-B80A-281252076831} = {134622C9-95BF-B542-B80A-281252076831}
		{560ED91E-88EB-C94F-93F0-7DAE76F4CB2A} = {560ED91E-88EB-C94F-93F0-7DAE76F4CB2A}
		{986C2941-34FB-5248-B50F-F0B7F69D825F} = {986C2941-34FB-5248-B50F-F0B7F69D825F}
		{964267E4-1D36-0E44-BDC5-2E7779B6BD2D} = {964267E4-1D36-0E44-BDC5-2E7779B6BD2D}
		{EE156D7D-9D90-114F-8169-669A1E7CEFC7} = {EE156D7D-9D90-114F-8169-669A1E7CEFC7}
		{20B91305-3288-004E-87D1-4D23AFC0F259} = {20B91305-3288-004E-87D1-4D23AFC0F259}
	EndProjectSection
EndProject
Project("{8BC9CEB8-8B4A-11D0-8D11-00A0C91BC942}") = "App_RigidBodyFromObjExample", "App_RigidBodyFromObjExample.vcxproj", "{B20D4896-4AF7-5F45-8948-864F555F17CE}"
	ProjectSection(ProjectDependencies) = postProject
		{134622C9-95BF-B542-B80A-281252076831} = {134622C9-95BF-B542-B80A-281252076831}
		{560ED91E-88EB-C94F-93F0-7DAE76F4CB2A} = {560ED91E-88EB-C94F-93F0-7DAE76F4CB2A}
		{20B91305-3288-004E-87D1-4D23AFC0F259} = {20B91305-3288-004E-87D1-4D23AFC0F259}
		{986C2941-34FB-5248-B50F-F0B7F69D825F} = {986C2941-34FB-5248-B50F-F0B7F69D825F}
		{964267E4-1D36-0E44-BDC5-2E7779B6BD2D} = {964267E4-1D36-0E44-BDC5-2E7779B6BD2D}
		{EE156D7D-9D90-114F-8169-669A1E7CEFC7} = {EE156D7D-9D90-114F-8169-669A1E7CEFC7}
	EndProjectSection
EndProject
Project("{8BC9CEB8-8B4A-11D0-8D11-00A0C91BC942}") = "App_RigidBodyFromObjExampleGui", "App_RigidBodyFromObjExampleGui.vcxproj", "{0D229628-938E-F545-A241-58398F92B8B8}"
	ProjectSection(ProjectDependencies) = postProject
		{134622C9-95BF-B542-B80A-281252076831} = {134622C9-95BF-B542-B80A-281252076831}
		{560ED91E-88EB-C94F-93F0-7DAE76F4CB2A} = {560ED91E-88EB-C94F-93F0-7DAE76F4CB2A}
		{986C2941-34FB-5248-B50F-F0B7F69D825F} = {986C2941-34FB-5248-B50F-F0B7F69D825F}
		{964267E4-1D36-0E44-BDC5-2E7779B6BD2D} = {964267E4-1D36-0E44-BDC5-2E7779B6BD2D}
		{EE156D7D-9D90-114F-8169-669A1E7CEFC7} = {EE156D7D-9D90-114F-8169-669A1E7CEFC7}
		{BA0327A4-58FD-B145-B446-61B1D00BAAE6} = {BA0327A4-58FD-B145-B446-61B1D00BAAE6}
		{20B91305-3288-004E-87D1-4D23AFC0F259} = {20B91305-3288-004E-87D1-4D23AFC0F259}
	EndProjectSection
EndProject
Project("{8BC9CEB8-8B4A-11D0-8D11-00A0C91BC942}") = "App_RigidBodyFromObjExampleGuiWithSoftwareRenderer", "App_RigidBodyFromObjExampleGuiWithSoftwareRenderer.vcxproj", "{ADA8F3FA-F70B-FF4C-8C61-B4F4CAEADF4C}"
	ProjectSection(ProjectDependencies) = postProject
		{134622C9-95BF-B542-B80A-281252076831} = {134622C9-95BF-B542-B80A-281252076831}
		{560ED91E-88EB-C94F-93F0-7DAE76F4CB2A} = {560ED91E-88EB-C94F-93F0-7DAE76F4CB2A}
		{986C2941-34FB-5248-B50F-F0B7F69D825F} = {986C2941-34FB-5248-B50F-F0B7F69D825F}
		{964267E4-1D36-0E44-BDC5-2E7779B6BD2D} = {964267E4-1D36-0E44-BDC5-2E7779B6BD2D}
		{EE156D7D-9D90-114F-8169-669A1E7CEFC7} = {EE156D7D-9D90-114F-8169-669A1E7CEFC7}
		{BA0327A4-58FD-B145-B446-61B1D00BAAE6} = {BA0327A4-58FD-B145-B446-61B1D00BAAE6}
		{20B91305-3288-004E-87D1-4D23AFC0F259} = {20B91305-3288-004E-87D1-4D23AFC0F259}
	EndProjectSection
EndProject
Project("{8BC9CEB8-8B4A-11D0-8D11-00A0C91BC942}") = "App_RigidBodyFromObjExampleTinyRenderer", "App_RigidBodyFromObjExampleTinyRenderer.vcxproj", "{EE7DF4E4-3900-364E-BA7D-A8C0ECAFA2B0}"
	ProjectSection(ProjectDependencies) = postProject
		{134622C9-95BF-B542-B80A-281252076831} = {134622C9-95BF-B542-B80A-281252076831}
		{560ED91E-88EB-C94F-93F0-7DAE76F4CB2A} = {560ED91E-88EB-C94F-93F0-7DAE76F4CB2A}
		{986C2941-34FB-5248-B50F-F0B7F69D825F} = {986C2941-34FB-5248-B50F-F0B7F69D825F}
		{964267E4-1D36-0E44-BDC5-2E7779B6BD2D} = {964267E4-1D36-0E44-BDC5-2E7779B6BD2D}
		{EE156D7D-9D90-114F-8169-669A1E7CEFC7} = {EE156D7D-9D90-114F-8169-669A1E7CEFC7}
		{20B91305-3288-004E-87D1-4D23AFC0F259} = {20B91305-3288-004E-87D1-4D23AFC0F259}
	EndProjectSection
EndProject
Project("{8BC9CEB8-8B4A-11D0-8D11-00A0C91BC942}") = "App_SharedMemoryPhysics", "App_SharedMemoryPhysics.vcxproj", "{1DC212C2-1D7E-6D4E-B488-8D381445E970}"
	ProjectSection(ProjectDependencies) = postProject
		{20B91305-3288-004E-87D1-4D23AFC0F259} = {20B91305-3288-004E-87D1-4D23AFC0F259}
		{134622C9-95BF-B542-B80A-281252076831} = {134622C9-95BF-B542-B80A-281252076831}
		{560ED91E-88EB-C94F-93F0-7DAE76F4CB2A} = {560ED91E-88EB-C94F-93F0-7DAE76F4CB2A}
		{986C2941-34FB-5248-B50F-F0B7F69D825F} = {986C2941-34FB-5248-B50F-F0B7F69D825F}
		{964267E4-1D36-0E44-BDC5-2E7779B6BD2D} = {964267E4-1D36-0E44-BDC5-2E7779B6BD2D}
		{EE156D7D-9D90-114F-8169-669A1E7CEFC7} = {EE156D7D-9D90-114F-8169-669A1E7CEFC7}
		{874CB607-6C0F-2243-8D3D-F9F9727CFD4B} = {874CB607-6C0F-2243-8D3D-F9F9727CFD4B}
	EndProjectSection
EndProject
Project("{8BC9CEB8-8B4A-11D0-8D11-00A0C91BC942}") = "App_SharedMemoryPhysics_GUI", "App_SharedMemoryPhysics_GUI.vcxproj", "{55C89A62-CF96-4D4A-A0C0-90B532AD5AFC}"
	ProjectSection(ProjectDependencies) = postProject
		{134622C9-95BF-B542-B80A-281252076831} = {134622C9-95BF-B542-B80A-281252076831}
		{560ED91E-88EB-C94F-93F0-7DAE76F4CB2A} = {560ED91E-88EB-C94F-93F0-7DAE76F4CB2A}
		{986C2941-34FB-5248-B50F-F0B7F69D825F} = {986C2941-34FB-5248-B50F-F0B7F69D825F}
		{964267E4-1D36-0E44-BDC5-2E7779B6BD2D} = {964267E4-1D36-0E44-BDC5-2E7779B6BD2D}
		{EE156D7D-9D90-114F-8169-669A1E7CEFC7} = {EE156D7D-9D90-114F-8169-669A1E7CEFC7}
		{BA0327A4-58FD-B145-B446-61B1D00BAAE6} = {BA0327A4-58FD-B145-B446-61B1D00BAAE6}
		{20B91305-3288-004E-87D1-4D23AFC0F259} = {20B91305-3288-004E-87D1-4D23AFC0F259}
		{874CB607-6C0F-2243-8D3D-F9F9727CFD4B} = {874CB607-6C0F-2243-8D3D-F9F9727CFD4B}
	EndProjectSection
EndProject
Project("{8BC9CEB8-8B4A-11D0-8D11-00A0C91BC942}") = "App_SharedMemoryPhysics_VR", "App_SharedMemoryPhysics_VR.vcxproj", "{49C04233-E79C-934F-9E96-CB74E6ECC696}"
	ProjectSection(ProjectDependencies) = postProject
		{134622C9-95BF-B542-B80A-281252076831} = {134622C9-95BF-B542-B80A-281252076831}
		{560ED91E-88EB-C94F-93F0-7DAE76F4CB2A} = {560ED91E-88EB-C94F-93F0-7DAE76F4CB2A}
		{20B91305-3288-004E-87D1-4D23AFC0F259} = {20B91305-3288-004E-87D1-4D23AFC0F259}
		{986C2941-34FB-5248-B50F-F0B7F69D825F} = {986C2941-34FB-5248-B50F-F0B7F69D825F}
		{964267E4-1D36-0E44-BDC5-2E7779B6BD2D} = {964267E4-1D36-0E44-BDC5-2E7779B6BD2D}
		{EE156D7D-9D90-114F-8169-669A1E7CEFC7} = {EE156D7D-9D90-114F-8169-669A1E7CEFC7}
		{BA0327A4-58FD-B145-B446-61B1D00BAAE6} = {BA0327A4-58FD-B145-B446-61B1D00BAAE6}
		{874CB607-6C0F-2243-8D3D-F9F9727CFD4B} = {874CB607-6C0F-2243-8D3D-F9F9727CFD4B}
	EndProjectSection
EndProject
Project("{8BC9CEB8-8B4A-11D0-8D11-00A0C91BC942}") = "App_PhysicsServerSharedMemoryBridgeUDP", "App_PhysicsServerSharedMemoryBridgeUDP.vcxproj", "{21F7B852-38F9-2A41-9309-3F9B9BF985B1}"
	ProjectSection(ProjectDependencies) = postProject
		{3D0FD043-ED83-364E-AEAE-F61ADD5E3039} = {3D0FD043-ED83-364E-AEAE-F61ADD5E3039}
		{A2641D8F-3A4A-CB44-9AA0-C1AA77569AFE} = {A2641D8F-3A4A-CB44-9AA0-C1AA77569AFE}
		{20B91305-3288-004E-87D1-4D23AFC0F259} = {20B91305-3288-004E-87D1-4D23AFC0F259}
		{EE156D7D-9D90-114F-8169-669A1E7CEFC7} = {EE156D7D-9D90-114F-8169-669A1E7CEFC7}
	EndProjectSection
EndProject
Project("{8BC9CEB8-8B4A-11D0-8D11-00A0C91BC942}") = "App_PhysicsServerUDP", "App_PhysicsServerUDP.vcxproj", "{45EB7A0D-7F90-944F-A1D7-BA10671E0C10}"
	ProjectSection(ProjectDependencies) = postProject
		{3D0FD043-ED83-364E-AEAE-F61ADD5E3039} = {3D0FD043-ED83-364E-AEAE-F61ADD5E3039}
		{20B91305-3288-004E-87D1-4D23AFC0F259} = {20B91305-3288-004E-87D1-4D23AFC0F259}
		{134622C9-95BF-B542-B80A-281252076831} = {134622C9-95BF-B542-B80A-281252076831}
		{560ED91E-88EB-C94F-93F0-7DAE76F4CB2A} = {560ED91E-88EB-C94F-93F0-7DAE76F4CB2A}
		{986C2941-34FB-5248-B50F-F0B7F69D825F} = {986C2941-34FB-5248-B50F-F0B7F69D825F}
		{964267E4-1D36-0E44-BDC5-2E7779B6BD2D} = {964267E4-1D36-0E44-BDC5-2E7779B6BD2D}
		{EE156D7D-9D90-114F-8169-669A1E7CEFC7} = {EE156D7D-9D90-114F-8169-669A1E7CEFC7}
		{874CB607-6C0F-2243-8D3D-F9F9727CFD4B} = {874CB607-6C0F-2243-8D3D-F9F9727CFD4B}
	EndProjectSection
EndProject
Project("{8BC9CEB8-8B4A-11D0-8D11-00A0C91BC942}") = "BussIK", "BussIK.vcxproj", "{874CB607-6C0F-2243-8D3D-F9F9727CFD4B}"
EndProject
Project("{8BC9CEB8-8B4A-11D0-8D11-00A0C91BC942}") = "App_ThreadingTest", "App_ThreadingTest.vcxproj", "{E0EDBE51-5780-3C4B-98C2-9DFA2972A877}"
	ProjectSection(ProjectDependencies) = postProject
		{20B91305-3288-004E-87D1-4D23AFC0F259} = {20B91305-3288-004E-87D1-4D23AFC0F259}
	EndProjectSection
EndProject
Project("{8BC9CEB8-8B4A-11D0-8D11-00A0C91BC942}") = "Test_SharedMemoryPhysicsClient", "Test_SharedMemoryPhysicsClient.vcxproj", "{2B431EB9-11B6-8F41-9E4E-BB982132BC36}"
	ProjectSection(ProjectDependencies) = postProject
		{A2641D8F-3A4A-CB44-9AA0-C1AA77569AFE} = {A2641D8F-3A4A-CB44-9AA0-C1AA77569AFE}
		{20B91305-3288-004E-87D1-4D23AFC0F259} = {20B91305-3288-004E-87D1-4D23AFC0F259}
		{EE156D7D-9D90-114F-8169-669A1E7CEFC7} = {EE156D7D-9D90-114F-8169-669A1E7CEFC7}
	EndProjectSection
EndProject
Project("{8BC9CEB8-8B4A-11D0-8D11-00A0C91BC942}") = "Test_PhysicsServerLoopBack", "Test_PhysicsServerLoopBack.vcxproj", "{8BF75C1C-2FDE-A14A-83F4-17B5C983B0E4}"
	ProjectSection(ProjectDependencies) = postProject
		{134622C9-95BF-B542-B80A-281252076831} = {134622C9-95BF-B542-B80A-281252076831}
		{560ED91E-88EB-C94F-93F0-7DAE76F4CB2A} = {560ED91E-88EB-C94F-93F0-7DAE76F4CB2A}
		{A2641D8F-3A4A-CB44-9AA0-C1AA77569AFE} = {A2641D8F-3A4A-CB44-9AA0-C1AA77569AFE}
		{2413CDDB-D718-C041-95F7-7ED6C0C3776E} = {2413CDDB-D718-C041-95F7-7ED6C0C3776E}
		{20B91305-3288-004E-87D1-4D23AFC0F259} = {20B91305-3288-004E-87D1-4D23AFC0F259}
		{986C2941-34FB-5248-B50F-F0B7F69D825F} = {986C2941-34FB-5248-B50F-F0B7F69D825F}
		{964267E4-1D36-0E44-BDC5-2E7779B6BD2D} = {964267E4-1D36-0E44-BDC5-2E7779B6BD2D}
		{874CB607-6C0F-2243-8D3D-F9F9727CFD4B} = {874CB607-6C0F-2243-8D3D-F9F9727CFD4B}
		{EE156D7D-9D90-114F-8169-669A1E7CEFC7} = {EE156D7D-9D90-114F-8169-669A1E7CEFC7}
	EndProjectSection
EndProject
Project("{8BC9CEB8-8B4A-11D0-8D11-00A0C91BC942}") = "Test_PhysicsServerDirect", "Test_PhysicsServerDirect.vcxproj", "{3E156B9D-68EB-DF49-A443-780F4E922600}"
	ProjectSection(ProjectDependencies) = postProject
		{134622C9-95BF-B542-B80A-281252076831} = {134622C9-95BF-B542-B80A-281252076831}
		{560ED91E-88EB-C94F-93F0-7DAE76F4CB2A} = {560ED91E-88EB-C94F-93F0-7DAE76F4CB2A}
		{A2641D8F-3A4A-CB44-9AA0-C1AA77569AFE} = {A2641D8F-3A4A-CB44-9AA0-C1AA77569AFE}
		{2413CDDB-D718-C041-95F7-7ED6C0C3776E} = {2413CDDB-D718-C041-95F7-7ED6C0C3776E}
		{20B91305-3288-004E-87D1-4D23AFC0F259} = {20B91305-3288-004E-87D1-4D23AFC0F259}
		{986C2941-34FB-5248-B50F-F0B7F69D825F} = {986C2941-34FB-5248-B50F-F0B7F69D825F}
		{964267E4-1D36-0E44-BDC5-2E7779B6BD2D} = {964267E4-1D36-0E44-BDC5-2E7779B6BD2D}
		{874CB607-6C0F-2243-8D3D-F9F9727CFD4B} = {874CB607-6C0F-2243-8D3D-F9F9727CFD4B}
		{EE156D7D-9D90-114F-8169-669A1E7CEFC7} = {EE156D7D-9D90-114F-8169-669A1E7CEFC7}
	EndProjectSection
EndProject
Project("{8BC9CEB8-8B4A-11D0-8D11-00A0C91BC942}") = "Test_PhysicsServerInProcessExampleBrowser", "Test_PhysicsServerInProcessExampleBrowser.vcxproj", "{CACE2CF1-60A4-2442-B8AC-9191A16B15C3}"
	ProjectSection(ProjectDependencies) = postProject
		{1BBBAEFC-DE48-0B41-A771-DCE9A39D7BF8} = {1BBBAEFC-DE48-0B41-A771-DCE9A39D7BF8}
		{76FD7E33-3F11-D345-B1DD-75F9A104B3C6} = {76FD7E33-3F11-D345-B1DD-75F9A104B3C6}
		{BA0327A4-58FD-B145-B446-61B1D00BAAE6} = {BA0327A4-58FD-B145-B446-61B1D00BAAE6}
		{A2641D8F-3A4A-CB44-9AA0-C1AA77569AFE} = {A2641D8F-3A4A-CB44-9AA0-C1AA77569AFE}
		{2413CDDB-D718-C041-95F7-7ED6C0C3776E} = {2413CDDB-D718-C041-95F7-7ED6C0C3776E}
		{88C346C8-B44B-CF4A-A4E8-EC409EF50A6E} = {88C346C8-B44B-CF4A-A4E8-EC409EF50A6E}
		{134622C9-95BF-B542-B80A-281252076831} = {134622C9-95BF-B542-B80A-281252076831}
		{560ED91E-88EB-C94F-93F0-7DAE76F4CB2A} = {560ED91E-88EB-C94F-93F0-7DAE76F4CB2A}
		{986C2941-34FB-5248-B50F-F0B7F69D825F} = {986C2941-34FB-5248-B50F-F0B7F69D825F}
		{964267E4-1D36-0E44-BDC5-2E7779B6BD2D} = {964267E4-1D36-0E44-BDC5-2E7779B6BD2D}
		{EE156D7D-9D90-114F-8169-669A1E7CEFC7} = {EE156D7D-9D90-114F-8169-669A1E7CEFC7}
		{874CB607-6C0F-2243-8D3D-F9F9727CFD4B} = {874CB607-6C0F-2243-8D3D-F9F9727CFD4B}
		{20B91305-3288-004E-87D1-4D23AFC0F259} = {20B91305-3288-004E-87D1-4D23AFC0F259}
		{4B0446EA-4BC6-6749-BEB0-BD5C8D05BBC8} = {4B0446EA-4BC6-6749-BEB0-BD5C8D05BBC8}
		{7797F126-D429-4F4F-B83F-ABD7A788D0BF} = {7797F126-D429-4F4F-B83F-ABD7A788D0BF}
		{9AFB442A-4ADE-DB44-89C9-6FFDC2DFBCF9} = {9AFB442A-4ADE-DB44-89C9-6FFDC2DFBCF9}
		{C54075AF-3888-5546-9A9C-80947F5C2751} = {C54075AF-3888-5546-9A9C-80947F5C2751}
	EndProjectSection
EndProject
Project("{8BC9CEB8-8B4A-11D0-8D11-00A0C91BC942}") = "enet", "enet.vcxproj", "{3D0FD043-ED83-364E-AEAE-F61ADD5E3039}"
EndProject
Project("{8BC9CEB8-8B4A-11D0-8D11-00A0C91BC942}") = "Test_enet_nat_punchthrough_client", "Test_enet_nat_punchthrough_client.vcxproj", "{E0C58195-188B-0345-AAFF-18A3192FDB9B}"
	ProjectSection(ProjectDependencies) = postProject
		{3D0FD043-ED83-364E-AEAE-F61ADD5E3039} = {3D0FD043-ED83-364E-AEAE-F61ADD5E3039}
	EndProjectSection
EndProject
Project("{8BC9CEB8-8B4A-11D0-8D11-00A0C91BC942}") = "Test_enet_nat_punchthrough_server", "Test_enet_nat_punchthrough_server.vcxproj", "{1DADF614-557B-E643-9057-79737465E30C}"
	ProjectSection(ProjectDependencies) = postProject
		{3D0FD043-ED83-364E-AEAE-F61ADD5E3039} = {3D0FD043-ED83-364E-AEAE-F61ADD5E3039}
	EndProjectSection
EndProject
Project("{8BC9CEB8-8B4A-11D0-8D11-00A0C91BC942}") = "Test_enet_chat_client", "Test_enet_chat_client.vcxproj", "{DA307F55-382F-564E-9E2A-D73DB10121C2}"
	ProjectSection(ProjectDependencies) = postProject
		{3D0FD043-ED83-364E-AEAE-F61ADD5E3039} = {3D0FD043-ED83-364E-AEAE-F61ADD5E3039}
	EndProjectSection
EndProject
Project("{8BC9CEB8-8B4A-11D0-8D11-00A0C91BC942}") = "Test_enet_chat_server", "Test_enet_chat_server.vcxproj", "{EACF7B58-2443-184B-8A63-4175A72D25A1}"
	ProjectSection(ProjectDependencies) = postProject
		{3D0FD043-ED83-364E-AEAE-F61ADD5E3039} = {3D0FD043-ED83-364E-AEAE-F61ADD5E3039}
	EndProjectSection
EndProject
Project("{8BC9CEB8-8B4A-11D0-8D11-00A0C91BC942}") = "Bullet3Common", "Bullet3Common.vcxproj", "{20B91305-3288-004E-87D1-4D23AFC0F259}"
EndProject
Project("{8BC9CEB8-8B4A-11D0-8D11-00A0C91BC942}") = "Bullet3Geometry", "Bullet3Geometry.vcxproj", "{C54075AF-3888-5546-9A9C-80947F5C2751}"
EndProject
Project("{8BC9CEB8-8B4A-11D0-8D11-00A0C91BC942}") = "Bullet3Collision", "Bullet3Collision.vcxproj", "{9AFB442A-4ADE-DB44-89C9-6FFDC2DFBCF9}"
EndProject
Project("{8BC9CEB8-8B4A-11D0-8D11-00A0C91BC942}") = "Bullet3Dynamics", "Bullet3Dynamics.vcxproj", "{7797F126-D429-4F4F-B83F-ABD7A788D0BF}"
EndProject
Project("{8BC9CEB8-8B4A-11D0-8D11-00A0C91BC942}") = "Bullet3OpenCL_clew", "Bullet3OpenCL_clew.vcxproj", "{4B0446EA-4BC6-6749-BEB0-BD5C8D05BBC8}"
EndProject
Project("{8BC9CEB8-8B4A-11D0-8D11-00A0C91BC942}") = "Bullet2FileLoader", "Bullet2FileLoader.vcxproj", "{1D5AF80E-0B5F-D84C-91E0-B4375DE5EEA5}"
EndProject
Project("{8BC9CEB8-8B4A-11D0-8D11-00A0C91BC942}") = "HACD", "HACD.vcxproj", "{7B4E42FF-483D-E846-8CE9-B7A98841D3F5}"
EndProject
Project("{8BC9CEB8-8B4A-11D0-8D11-00A0C91BC942}") = "vhacd", "vhacd.vcxproj", "{97BA1FB4-F13C-3E44-8DC9-2CC192D41E83}"
EndProject
Project("{8BC9CEB8-8B4A-11D0-8D11-00A0C91BC942}") = "test_vhacd", "test_vhacd.vcxproj", "{12CC5FEB-9FCE-D244-975D-863997221920}"
	ProjectSection(ProjectDependencies) = postProject
		{97BA1FB4-F13C-3E44-8DC9-2CC192D41E83} = {97BA1FB4-F13C-3E44-8DC9-2CC192D41E83}
	EndProjectSection
EndProject
Project("{8BC9CEB8-8B4A-11D0-8D11-00A0C91BC942}") = "ConvexDecomposition", "ConvexDecomposition.vcxproj", "{E7CF84F0-F921-A148-BBAD-7FE1377656D8}"
EndProject
Project("{8BC9CEB8-8B4A-11D0-8D11-00A0C91BC942}") = "BulletInverseDynamicsUtils", "BulletInverseDynamicsUtils.vcxproj", "{134622C9-95BF-B542-B80A-281252076831}"
EndProject
Project("{8BC9CEB8-8B4A-11D0-8D11-00A0C91BC942}") = "BulletFileLoader", "BulletFileLoader.vcxproj", "{A2641D8F-3A4A-CB44-9AA0-C1AA77569AFE}"
EndProject
Project("{8BC9CEB8-8B4A-11D0-8D11-00A0C91BC942}") = "BulletWorldImporter", "BulletWorldImporter.vcxproj", "{2413CDDB-D718-C041-95F7-7ED6C0C3776E}"
EndProject
Project("{8BC9CEB8-8B4A-11D0-8D11-00A0C91BC942}") = "BulletXmlWorldImporter", "BulletXmlWorldImporter.vcxproj", "{85EA61EB-E271-5745-89A9-F49B0A834D07}"
EndProject
Project("{8BC9CEB8-8B4A-11D0-8D11-00A0C91BC942}") = "Test_LinearMath", "Test_LinearMath.vcxproj", "{2EEDFDA6-9442-0F48-A5EC-1D1BB805416A}"
	ProjectSection(ProjectDependencies) = postProject
		{986C2941-34FB-5248-B50F-F0B7F69D825F} = {986C2941-34FB-5248-B50F-F0B7F69D825F}
		{964267E4-1D36-0E44-BDC5-2E7779B6BD2D} = {964267E4-1D36-0E44-BDC5-2E7779B6BD2D}
		{EE156D7D-9D90-114F-8169-669A1E7CEFC7} = {EE156D7D-9D90-114F-8169-669A1E7CEFC7}
	EndProjectSection
EndProject
Project("{8BC9CEB8-8B4A-11D0-8D11-00A0C91BC942}") = "gtest", "gtest.vcxproj", "{14E0BB30-9DF4-7A4E-A8C9-D15AD564AAFF}"
EndProject
Project("{8BC9CEB8-8B4A-11D0-8D11-00A0C91BC942}") = "Test_BulletCollision", "Test_BulletCollision.vcxproj", "{2CD820B2-BE98-2544-92DE-49A44737F5AF}"
	ProjectSection(ProjectDependencies) = postProject
		{EE156D7D-9D90-114F-8169-669A1E7CEFC7} = {EE156D7D-9D90-114F-8169-669A1E7CEFC7}
		{14E0BB30-9DF4-7A4E-A8C9-D15AD564AAFF} = {14E0BB30-9DF4-7A4E-A8C9-D15AD564AAFF}
	EndProjectSection
EndProject
Project("{8BC9CEB8-8B4A-11D0-8D11-00A0C91BC942}") = "Test_BulletDynamics", "Test_BulletDynamics.vcxproj", "{CC1B95A8-8EA7-CF4D-ADA7-09C12B03059E}"
	ProjectSection(ProjectDependencies) = postProject
		{986C2941-34FB-5248-B50F-F0B7F69D825F} = {986C2941-34FB-5248-B50F-F0B7F69D825F}
		{964267E4-1D36-0E44-BDC5-2E7779B6BD2D} = {964267E4-1D36-0E44-BDC5-2E7779B6BD2D}
		{EE156D7D-9D90-114F-8169-669A1E7CEFC7} = {EE156D7D-9D90-114F-8169-669A1E7CEFC7}
		{14E0BB30-9DF4-7A4E-A8C9-D15AD564AAFF} = {14E0BB30-9DF4-7A4E-A8C9-D15AD564AAFF}
	EndProjectSection
EndProject
Project("{8BC9CEB8-8B4A-11D0-8D11-00A0C91BC942}") = "Test_InverseDynamicsKinematics", "Test_InverseDynamicsKinematics.vcxproj", "{6854B669-5846-7541-968B-674BB6D1CBCA}"
	ProjectSection(ProjectDependencies) = postProject
		{134622C9-95BF-B542-B80A-281252076831} = {134622C9-95BF-B542-B80A-281252076831}
		{560ED91E-88EB-C94F-93F0-7DAE76F4CB2A} = {560ED91E-88EB-C94F-93F0-7DAE76F4CB2A}
		{20B91305-3288-004E-87D1-4D23AFC0F259} = {20B91305-3288-004E-87D1-4D23AFC0F259}
		{EE156D7D-9D90-114F-8169-669A1E7CEFC7} = {EE156D7D-9D90-114F-8169-669A1E7CEFC7}
		{14E0BB30-9DF4-7A4E-A8C9-D15AD564AAFF} = {14E0BB30-9DF4-7A4E-A8C9-D15AD564AAFF}
	EndProjectSection
EndProject
Project("{8BC9CEB8-8B4A-11D0-8D11-00A0C91BC942}") = "Test_InverseDynamicsJacobian", "Test_InverseDynamicsJacobian.vcxproj", "{3C326114-24CF-274C-B5C6-3E48CA4EAE0D}"
	ProjectSection(ProjectDependencies) = postProject
		{134622C9-95BF-B542-B80A-281252076831} = {134622C9-95BF-B542-B80A-281252076831}
		{560ED91E-88EB-C94F-93F0-7DAE76F4CB2A} = {560ED91E-88EB-C94F-93F0-7DAE76F4CB2A}
		{20B91305-3288-004E-87D1-4D23AFC0F259} = {20B91305-3288-004E-87D1-4D23AFC0F259}
		{EE156D7D-9D90-114F-8169-669A1E7CEFC7} = {EE156D7D-9D90-114F-8169-669A1E7CEFC7}
		{14E0BB30-9DF4-7A4E-A8C9-D15AD564AAFF} = {14E0BB30-9DF4-7A4E-A8C9-D15AD564AAFF}
	EndProjectSection
EndProject
Project("{8BC9CEB8-8B4A-11D0-8D11-00A0C91BC942}") = "Test_InverseForwardDynamics", "Test_InverseForwardDynamics.vcxproj", "{1918D699-D817-1C45-AA10-8D0C046FD4D6}"
	ProjectSection(ProjectDependencies) = postProject
		{986C2941-34FB-5248-B50F-F0B7F69D825F} = {986C2941-34FB-5248-B50F-F0B7F69D825F}
		{964267E4-1D36-0E44-BDC5-2E7779B6BD2D} = {964267E4-1D36-0E44-BDC5-2E7779B6BD2D}
		{134622C9-95BF-B542-B80A-281252076831} = {134622C9-95BF-B542-B80A-281252076831}
		{560ED91E-88EB-C94F-93F0-7DAE76F4CB2A} = {560ED91E-88EB-C94F-93F0-7DAE76F4CB2A}
		{20B91305-3288-004E-87D1-4D23AFC0F259} = {20B91305-3288-004E-87D1-4D23AFC0F259}
		{EE156D7D-9D90-114F-8169-669A1E7CEFC7} = {EE156D7D-9D90-114F-8169-669A1E7CEFC7}
		{14E0BB30-9DF4-7A4E-A8C9-D15AD564AAFF} = {14E0BB30-9DF4-7A4E-A8C9-D15AD564AAFF}
	EndProjectSection
EndProject
Project("{8BC9CEB8-8B4A-11D0-8D11-00A0C91BC942}") = "Test_OpenCL_Bullet3", "Test_OpenCL_Bullet3.vcxproj", "{095C91A6-8EEF-C445-BEA6-AC9F37244D0A}"
	ProjectSection(ProjectDependencies) = postProject
		{14E0BB30-9DF4-7A4E-A8C9-D15AD564AAFF} = {14E0BB30-9DF4-7A4E-A8C9-D15AD564AAFF}
		{4B0446EA-4BC6-6749-BEB0-BD5C8D05BBC8} = {4B0446EA-4BC6-6749-BEB0-BD5C8D05BBC8}
		{20B91305-3288-004E-87D1-4D23AFC0F259} = {20B91305-3288-004E-87D1-4D23AFC0F259}
	EndProjectSection
EndProject
Project("{8BC9CEB8-8B4A-11D0-8D11-00A0C91BC942}") = "Test_Gwen_OpenGL", "Test_Gwen_OpenGL.vcxproj", "{990CCAB9-0EF9-494D-A970-BF3B05F668A7}"
	ProjectSection(ProjectDependencies) = postProject
		{76FD7E33-3F11-D345-B1DD-75F9A104B3C6} = {76FD7E33-3F11-D345-B1DD-75F9A104B3C6}
	EndProjectSection
EndProject
Project("{8BC9CEB8-8B4A-11D0-8D11-00A0C91BC942}") = "BulletInverseDynamics", "BulletInverseDynamics.vcxproj", "{560ED91E-88EB-C94F-93F0-7DAE76F4CB2A}"
EndProject
Project("{8BC9CEB8-8B4A-11D0-8D11-00A0C91BC942}") = "BulletSoftBody", "BulletSoftBody.vcxproj", "{88C346C8-B44B-CF4A-A4E8-EC409EF50A6E}"
EndProject
Project("{8BC9CEB8-8B4A-11D0-8D11-00A0C91BC942}") = "BulletDynamics", "BulletDynamics.vcxproj", "{986C2941-34FB-5248-B50F-F0B7F69D825F}"
EndProject
Project("{8BC9CEB8-8B4A-11D0-8D11-00A0C91BC942}") = "BulletCollision", "BulletCollision.vcxproj", "{964267E4-1D36-0E44-BDC5-2E7779B6BD2D}"
EndProject
Project("{8BC9CEB8-8B4A-11D0-8D11-00A0C91BC942}") = "LinearMath", "LinearMath.vcxproj", "{EE156D7D-9D90-114F-8169-669A1E7CEFC7}"
EndProject
Global
	GlobalSection(SolutionConfigurationPlatforms) = preSolution
		Debug|Win32 = Debug|Win32
		Debug|x64 = Debug|x64
		Release|Win32 = Release|Win32
		Release|x64 = Release|x64
	EndGlobalSection
	GlobalSection(ProjectConfigurationPlatforms) = postSolution
		{7BEA25E5-B87E-7249-B564-74555F36E18A}.Debug|Win32.ActiveCfg = Debug|Win32
		{7BEA25E5-B87E-7249-B564-74555F36E18A}.Debug|Win32.Build.0 = Debug|Win32
		{7BEA25E5-B87E-7249-B564-74555F36E18A}.Debug|x64.ActiveCfg = Debug|x64
		{7BEA25E5-B87E-7249-B564-74555F36E18A}.Debug|x64.Build.0 = Debug|x64
		{7BEA25E5-B87E-7249-B564-74555F36E18A}.Release|Win32.ActiveCfg = Release|Win32
		{7BEA25E5-B87E-7249-B564-74555F36E18A}.Release|Win32.Build.0 = Release|Win32
		{7BEA25E5-B87E-7249-B564-74555F36E18A}.Release|x64.ActiveCfg = Release|x64
		{7BEA25E5-B87E-7249-B564-74555F36E18A}.Release|x64.Build.0 = Release|x64
		{1BBBAEFC-DE48-0B41-A771-DCE9A39D7BF8}.Debug|Win32.ActiveCfg = Debug|Win32
		{1BBBAEFC-DE48-0B41-A771-DCE9A39D7BF8}.Debug|Win32.Build.0 = Debug|Win32
		{1BBBAEFC-DE48-0B41-A771-DCE9A39D7BF8}.Debug|x64.ActiveCfg = Debug|x64
		{1BBBAEFC-DE48-0B41-A771-DCE9A39D7BF8}.Debug|x64.Build.0 = Debug|x64
		{1BBBAEFC-DE48-0B41-A771-DCE9A39D7BF8}.Release|Win32.ActiveCfg = Release|Win32
		{1BBBAEFC-DE48-0B41-A771-DCE9A39D7BF8}.Release|Win32.Build.0 = Release|Win32
		{1BBBAEFC-DE48-0B41-A771-DCE9A39D7BF8}.Release|x64.ActiveCfg = Release|x64
		{1BBBAEFC-DE48-0B41-A771-DCE9A39D7BF8}.Release|x64.Build.0 = Release|x64
		{BA0327A4-58FD-B145-B446-61B1D00BAAE6}.Debug|Win32.ActiveCfg = Debug|Win32
		{BA0327A4-58FD-B145-B446-61B1D00BAAE6}.Debug|Win32.Build.0 = Debug|Win32
		{BA0327A4-58FD-B145-B446-61B1D00BAAE6}.Debug|x64.ActiveCfg = Debug|x64
		{BA0327A4-58FD-B145-B446-61B1D00BAAE6}.Debug|x64.Build.0 = Debug|x64
		{BA0327A4-58FD-B145-B446-61B1D00BAAE6}.Release|Win32.ActiveCfg = Release|Win32
		{BA0327A4-58FD-B145-B446-61B1D00BAAE6}.Release|Win32.Build.0 = Release|Win32
		{BA0327A4-58FD-B145-B446-61B1D00BAAE6}.Release|x64.ActiveCfg = Release|x64
		{BA0327A4-58FD-B145-B446-61B1D00BAAE6}.Release|x64.Build.0 = Release|x64
		{76FD7E33-3F11-D345-B1DD-75F9A104B3C6}.Debug|Win32.ActiveCfg = Debug|Win32
		{76FD7E33-3F11-D345-B1DD-75F9A104B3C6}.Debug|Win32.Build.0 = Debug|Win32
		{76FD7E33-3F11-D345-B1DD-75F9A104B3C6}.Debug|x64.ActiveCfg = Debug|x64
		{76FD7E33-3F11-D345-B1DD-75F9A104B3C6}.Debug|x64.Build.0 = Debug|x64
		{76FD7E33-3F11-D345-B1DD-75F9A104B3C6}.Release|Win32.ActiveCfg = Release|Win32
		{76FD7E33-3F11-D345-B1DD-75F9A104B3C6}.Release|Win32.Build.0 = Release|Win32
		{76FD7E33-3F11-D345-B1DD-75F9A104B3C6}.Release|x64.ActiveCfg = Release|x64
		{76FD7E33-3F11-D345-B1DD-75F9A104B3C6}.Release|x64.Build.0 = Release|x64
		{47CA3F51-6044-6F4B-9762-E49D1FC3B992}.Debug|Win32.ActiveCfg = Debug|Win32
		{47CA3F51-6044-6F4B-9762-E49D1FC3B992}.Debug|Win32.Build.0 = Debug|Win32
		{47CA3F51-6044-6F4B-9762-E49D1FC3B992}.Debug|x64.ActiveCfg = Debug|x64
		{47CA3F51-6044-6F4B-9762-E49D1FC3B992}.Debug|x64.Build.0 = Debug|x64
		{47CA3F51-6044-6F4B-9762-E49D1FC3B992}.Release|Win32.ActiveCfg = Release|Win32
		{47CA3F51-6044-6F4B-9762-E49D1FC3B992}.Release|Win32.Build.0 = Release|Win32
		{47CA3F51-6044-6F4B-9762-E49D1FC3B992}.Release|x64.ActiveCfg = Release|x64
		{47CA3F51-6044-6F4B-9762-E49D1FC3B992}.Release|x64.Build.0 = Release|x64
		{3C97D533-C311-2943-A8E6-CDB2608E2A52}.Debug|Win32.ActiveCfg = Debug|Win32
		{3C97D533-C311-2943-A8E6-CDB2608E2A52}.Debug|Win32.Build.0 = Debug|Win32
		{3C97D533-C311-2943-A8E6-CDB2608E2A52}.Debug|x64.ActiveCfg = Debug|x64
		{3C97D533-C311-2943-A8E6-CDB2608E2A52}.Debug|x64.Build.0 = Debug|x64
		{3C97D533-C311-2943-A8E6-CDB2608E2A52}.Release|Win32.ActiveCfg = Release|Win32
		{3C97D533-C311-2943-A8E6-CDB2608E2A52}.Release|Win32.Build.0 = Release|Win32
		{3C97D533-C311-2943-A8E6-CDB2608E2A52}.Release|x64.ActiveCfg = Release|x64
		{3C97D533-C311-2943-A8E6-CDB2608E2A52}.Release|x64.Build.0 = Release|x64
		{5053CF48-82DA-5643-B393-987A2FDF3329}.Debug|Win32.ActiveCfg = Debug|Win32
		{5053CF48-82DA-5643-B393-987A2FDF3329}.Debug|Win32.Build.0 = Debug|Win32
		{5053CF48-82DA-5643-B393-987A2FDF3329}.Debug|x64.ActiveCfg = Debug|x64
		{5053CF48-82DA-5643-B393-987A2FDF3329}.Debug|x64.Build.0 = Debug|x64
		{5053CF48-82DA-5643-B393-987A2FDF3329}.Release|Win32.ActiveCfg = Release|Win32
		{5053CF48-82DA-5643-B393-987A2FDF3329}.Release|Win32.Build.0 = Release|Win32
		{5053CF48-82DA-5643-B393-987A2FDF3329}.Release|x64.ActiveCfg = Release|x64
		{5053CF48-82DA-5643-B393-987A2FDF3329}.Release|x64.Build.0 = Release|x64
		{741B75BD-3276-8A40-BB09-35A71E0C9457}.Debug|Win32.ActiveCfg = Debug|Win32
		{741B75BD-3276-8A40-BB09-35A71E0C9457}.Debug|Win32.Build.0 = Debug|Win32
		{741B75BD-3276-8A40-BB09-35A71E0C9457}.Debug|x64.ActiveCfg = Debug|x64
		{741B75BD-3276-8A40-BB09-35A71E0C9457}.Debug|x64.Build.0 = Debug|x64
		{741B75BD-3276-8A40-BB09-35A71E0C9457}.Release|Win32.ActiveCfg = Release|Win32
		{741B75BD-3276-8A40-BB09-35A71E0C9457}.Release|Win32.Build.0 = Release|Win32
		{741B75BD-3276-8A40-BB09-35A71E0C9457}.Release|x64.ActiveCfg = Release|x64
		{741B75BD-3276-8A40-BB09-35A71E0C9457}.Release|x64.Build.0 = Release|x64
		{C3F8362C-D88D-CB48-83C6-615827841B8C}.Debug|Win32.ActiveCfg = Debug|Win32
		{C3F8362C-D88D-CB48-83C6-615827841B8C}.Debug|Win32.Build.0 = Debug|Win32
		{C3F8362C-D88D-CB48-83C6-615827841B8C}.Debug|x64.ActiveCfg = Debug|x64
		{C3F8362C-D88D-CB48-83C6-615827841B8C}.Debug|x64.Build.0 = Debug|x64
		{C3F8362C-D88D-CB48-83C6-615827841B8C}.Release|Win32.ActiveCfg = Release|Win32
		{C3F8362C-D88D-CB48-83C6-615827841B8C}.Release|Win32.Build.0 = Release|Win32
		{C3F8362C-D88D-CB48-83C6-615827841B8C}.Release|x64.ActiveCfg = Release|x64
		{C3F8362C-D88D-CB48-83C6-615827841B8C}.Release|x64.Build.0 = Release|x64
		{09A02B58-483E-CA49-A62F-E4D6457B5850}.Debug|Win32.ActiveCfg = Debug|Win32
		{09A02B58-483E-CA49-A62F-E4D6457B5850}.Debug|Win32.Build.0 = Debug|Win32
		{09A02B58-483E-CA49-A62F-E4D6457B5850}.Debug|x64.ActiveCfg = Debug|x64
		{09A02B58-483E-CA49-A62F-E4D6457B5850}.Debug|x64.Build.0 = Debug|x64
		{09A02B58-483E-CA49-A62F-E4D6457B5850}.Release|Win32.ActiveCfg = Release|Win32
		{09A02B58-483E-CA49-A62F-E4D6457B5850}.Release|Win32.Build.0 = Release|Win32
		{09A02B58-483E-CA49-A62F-E4D6457B5850}.Release|x64.ActiveCfg = Release|x64
		{09A02B58-483E-CA49-A62F-E4D6457B5850}.Release|x64.Build.0 = Release|x64
		{6131429A-9F65-314B-88C2-0C93FFF6533E}.Debug|Win32.ActiveCfg = Debug|Win32
		{6131429A-9F65-314B-88C2-0C93FFF6533E}.Debug|Win32.Build.0 = Debug|Win32
		{6131429A-9F65-314B-88C2-0C93FFF6533E}.Debug|x64.ActiveCfg = Debug|x64
		{6131429A-9F65-314B-88C2-0C93FFF6533E}.Debug|x64.Build.0 = Debug|x64
		{6131429A-9F65-314B-88C2-0C93FFF6533E}.Release|Win32.ActiveCfg = Release|Win32
		{6131429A-9F65-314B-88C2-0C93FFF6533E}.Release|Win32.Build.0 = Release|Win32
		{6131429A-9F65-314B-88C2-0C93FFF6533E}.Release|x64.ActiveCfg = Release|x64
		{6131429A-9F65-314B-88C2-0C93FFF6533E}.Release|x64.Build.0 = Release|x64
		{E2269B9B-C76F-AC42-8564-2AD4C33EC35C}.Debug|Win32.ActiveCfg = Debug|Win32
		{E2269B9B-C76F-AC42-8564-2AD4C33EC35C}.Debug|Win32.Build.0 = Debug|Win32
		{E2269B9B-C76F-AC42-8564-2AD4C33EC35C}.Debug|x64.ActiveCfg = Debug|x64
		{E2269B9B-C76F-AC42-8564-2AD4C33EC35C}.Debug|x64.Build.0 = Debug|x64
		{E2269B9B-C76F-AC42-8564-2AD4C33EC35C}.Release|Win32.ActiveCfg = Release|Win32
		{E2269B9B-C76F-AC42-8564-2AD4C33EC35C}.Release|Win32.Build.0 = Release|Win32
		{E2269B9B-C76F-AC42-8564-2AD4C33EC35C}.Release|x64.ActiveCfg = Release|x64
		{E2269B9B-C76F-AC42-8564-2AD4C33EC35C}.Release|x64.Build.0 = Release|x64
		{051D7FEF-6B1C-C943-B32D-2D290509F206}.Debug|Win32.ActiveCfg = Debug|Win32
		{051D7FEF-6B1C-C943-B32D-2D290509F206}.Debug|Win32.Build.0 = Debug|Win32
		{051D7FEF-6B1C-C943-B32D-2D290509F206}.Debug|x64.ActiveCfg = Debug|x64
		{051D7FEF-6B1C-C943-B32D-2D290509F206}.Debug|x64.Build.0 = Debug|x64
		{051D7FEF-6B1C-C943-B32D-2D290509F206}.Release|Win32.ActiveCfg = Release|Win32
		{051D7FEF-6B1C-C943-B32D-2D290509F206}.Release|Win32.Build.0 = Release|Win32
		{051D7FEF-6B1C-C943-B32D-2D290509F206}.Release|x64.ActiveCfg = Release|x64
		{051D7FEF-6B1C-C943-B32D-2D290509F206}.Release|x64.Build.0 = Release|x64
		{8C30C1A6-64EA-4D4B-BED5-D878C997E3B2}.Debug|Win32.ActiveCfg = Debug|Win32
		{8C30C1A6-64EA-4D4B-BED5-D878C997E3B2}.Debug|Win32.Build.0 = Debug|Win32
		{8C30C1A6-64EA-4D4B-BED5-D878C997E3B2}.Debug|x64.ActiveCfg = Debug|x64
		{8C30C1A6-64EA-4D4B-BED5-D878C997E3B2}.Debug|x64.Build.0 = Debug|x64
		{8C30C1A6-64EA-4D4B-BED5-D878C997E3B2}.Release|Win32.ActiveCfg = Release|Win32
		{8C30C1A6-64EA-4D4B-BED5-D878C997E3B2}.Release|Win32.Build.0 = Release|Win32
		{8C30C1A6-64EA-4D4B-BED5-D878C997E3B2}.Release|x64.ActiveCfg = Release|x64
		{8C30C1A6-64EA-4D4B-BED5-D878C997E3B2}.Release|x64.Build.0 = Release|x64
		{07CD2D1A-23F1-9B47-AD2D-3FF50DF7DA49}.Debug|Win32.ActiveCfg = Debug|Win32
		{07CD2D1A-23F1-9B47-AD2D-3FF50DF7DA49}.Debug|Win32.Build.0 = Debug|Win32
		{07CD2D1A-23F1-9B47-AD2D-3FF50DF7DA49}.Debug|x64.ActiveCfg = Debug|x64
		{07CD2D1A-23F1-9B47-AD2D-3FF50DF7DA49}.Debug|x64.Build.0 = Debug|x64
		{07CD2D1A-23F1-9B47-AD2D-3FF50DF7DA49}.Release|Win32.ActiveCfg = Release|Win32
		{07CD2D1A-23F1-9B47-AD2D-3FF50DF7DA49}.Release|Win32.Build.0 = Release|Win32
		{07CD2D1A-23F1-9B47-AD2D-3FF50DF7DA49}.Release|x64.ActiveCfg = Release|x64
		{07CD2D1A-23F1-9B47-AD2D-3FF50DF7DA49}.Release|x64.Build.0 = Release|x64
		{B20D4896-4AF7-5F45-8948-864F555F17CE}.Debug|Win32.ActiveCfg = Debug|Win32
		{B20D4896-4AF7-5F45-8948-864F555F17CE}.Debug|Win32.Build.0 = Debug|Win32
		{B20D4896-4AF7-5F45-8948-864F555F17CE}.Debug|x64.ActiveCfg = Debug|x64
		{B20D4896-4AF7-5F45-8948-864F555F17CE}.Debug|x64.Build.0 = Debug|x64
		{B20D4896-4AF7-5F45-8948-864F555F17CE}.Release|Win32.ActiveCfg = Release|Win32
		{B20D4896-4AF7-5F45-8948-864F555F17CE}.Release|Win32.Build.0 = Release|Win32
		{B20D4896-4AF7-5F45-8948-864F555F17CE}.Release|x64.ActiveCfg = Release|x64
		{B20D4896-4AF7-5F45-8948-864F555F17CE}.Release|x64.Build.0 = Release|x64
		{0D229628-938E-F545-A241-58398F92B8B8}.Debug|Win32.ActiveCfg = Debug|Win32
		{0D229628-938E-F545-A241-58398F92B8B8}.Debug|Win32.Build.0 = Debug|Win32
		{0D229628-938E-F545-A241-58398F92B8B8}.Debug|x64.ActiveCfg = Debug|x64
		{0D229628-938E-F545-A241-58398F92B8B8}.Debug|x64.Build.0 = Debug|x64
		{0D229628-938E-F545-A241-58398F92B8B8}.Release|Win32.ActiveCfg = Release|Win32
		{0D229628-938E-F545-A241-58398F92B8B8}.Release|Win32.Build.0 = Release|Win32
		{0D229628-938E-F545-A241-58398F92B8B8}.Release|x64.ActiveCfg = Release|x64
		{0D229628-938E-F545-A241-58398F92B8B8}.Release|x64.Build.0 = Release|x64
		{ADA8F3FA-F70B-FF4C-8C61-B4F4CAEADF4C}.Debug|Win32.ActiveCfg = Debug|Win32
		{ADA8F3FA-F70B-FF4C-8C61-B4F4CAEADF4C}.Debug|Win32.Build.0 = Debug|Win32
		{ADA8F3FA-F70B-FF4C-8C61-B4F4CAEADF4C}.Debug|x64.ActiveCfg = Debug|x64
		{ADA8F3FA-F70B-FF4C-8C61-B4F4CAEADF4C}.Debug|x64.Build.0 = Debug|x64
		{ADA8F3FA-F70B-FF4C-8C61-B4F4CAEADF4C}.Release|Win32.ActiveCfg = Release|Win32
		{ADA8F3FA-F70B-FF4C-8C61-B4F4CAEADF4C}.Release|Win32.Build.0 = Release|Win32
		{ADA8F3FA-F70B-FF4C-8C61-B4F4CAEADF4C}.Release|x64.ActiveCfg = Release|x64
		{ADA8F3FA-F70B-FF4C-8C61-B4F4CAEADF4C}.Release|x64.Build.0 = Release|x64
		{EE7DF4E4-3900-364E-BA7D-A8C0ECAFA2B0}.Debug|Win32.ActiveCfg = Debug|Win32
		{EE7DF4E4-3900-364E-BA7D-A8C0ECAFA2B0}.Debug|Win32.Build.0 = Debug|Win32
		{EE7DF4E4-3900-364E-BA7D-A8C0ECAFA2B0}.Debug|x64.ActiveCfg = Debug|x64
		{EE7DF4E4-3900-364E-BA7D-A8C0ECAFA2B0}.Debug|x64.Build.0 = Debug|x64
		{EE7DF4E4-3900-364E-BA7D-A8C0ECAFA2B0}.Release|Win32.ActiveCfg = Release|Win32
		{EE7DF4E4-3900-364E-BA7D-A8C0ECAFA2B0}.Release|Win32.Build.0 = Release|Win32
		{EE7DF4E4-3900-364E-BA7D-A8C0ECAFA2B0}.Release|x64.ActiveCfg = Release|x64
		{EE7DF4E4-3900-364E-BA7D-A8C0ECAFA2B0}.Release|x64.Build.0 = Release|x64
		{1DC212C2-1D7E-6D4E-B488-8D381445E970}.Debug|Win32.ActiveCfg = Debug|Win32
		{1DC212C2-1D7E-6D4E-B488-8D381445E970}.Debug|Win32.Build.0 = Debug|Win32
		{1DC212C2-1D7E-6D4E-B488-8D381445E970}.Debug|x64.ActiveCfg = Debug|x64
		{1DC212C2-1D7E-6D4E-B488-8D381445E970}.Debug|x64.Build.0 = Debug|x64
		{1DC212C2-1D7E-6D4E-B488-8D381445E970}.Release|Win32.ActiveCfg = Release|Win32
		{1DC212C2-1D7E-6D4E-B488-8D381445E970}.Release|Win32.Build.0 = Release|Win32
		{1DC212C2-1D7E-6D4E-B488-8D381445E970}.Release|x64.ActiveCfg = Release|x64
		{1DC212C2-1D7E-6D4E-B488-8D381445E970}.Release|x64.Build.0 = Release|x64
		{55C89A62-CF96-4D4A-A0C0-90B532AD5AFC}.Debug|Win32.ActiveCfg = Debug|Win32
		{55C89A62-CF96-4D4A-A0C0-90B532AD5AFC}.Debug|Win32.Build.0 = Debug|Win32
		{55C89A62-CF96-4D4A-A0C0-90B532AD5AFC}.Debug|x64.ActiveCfg = Debug|x64
		{55C89A62-CF96-4D4A-A0C0-90B532AD5AFC}.Debug|x64.Build.0 = Debug|x64
		{55C89A62-CF96-4D4A-A0C0-90B532AD5AFC}.Release|Win32.ActiveCfg = Release|Win32
		{55C89A62-CF96-4D4A-A0C0-90B532AD5AFC}.Release|Win32.Build.0 = Release|Win32
		{55C89A62-CF96-4D4A-A0C0-90B532AD5AFC}.Release|x64.ActiveCfg = Release|x64
		{55C89A62-CF96-4D4A-A0C0-90B532AD5AFC}.Release|x64.Build.0 = Release|x64
		{49C04233-E79C-934F-9E96-CB74E6ECC696}.Debug|Win32.ActiveCfg = Debug|Win32
		{49C04233-E79C-934F-9E96-CB74E6ECC696}.Debug|Win32.Build.0 = Debug|Win32
		{49C04233-E79C-934F-9E96-CB74E6ECC696}.Debug|x64.ActiveCfg = Debug|x64
		{49C04233-E79C-934F-9E96-CB74E6ECC696}.Debug|x64.Build.0 = Debug|x64
		{49C04233-E79C-934F-9E96-CB74E6ECC696}.Release|Win32.ActiveCfg = Release|Win32
		{49C04233-E79C-934F-9E96-CB74E6ECC696}.Release|Win32.Build.0 = Release|Win32
		{49C04233-E79C-934F-9E96-CB74E6ECC696}.Release|x64.ActiveCfg = Release|x64
		{49C04233-E79C-934F-9E96-CB74E6ECC696}.Release|x64.Build.0 = Release|x64
		{21F7B852-38F9-2A41-9309-3F9B9BF985B1}.Debug|Win32.ActiveCfg = Debug|Win32
		{21F7B852-38F9-2A41-9309-3F9B9BF985B1}.Debug|Win32.Build.0 = Debug|Win32
		{21F7B852-38F9-2A41-9309-3F9B9BF985B1}.Debug|x64.ActiveCfg = Debug|x64
		{21F7B852-38F9-2A41-9309-3F9B9BF985B1}.Debug|x64.Build.0 = Debug|x64
		{21F7B852-38F9-2A41-9309-3F9B9BF985B1}.Release|Win32.ActiveCfg = Release|Win32
		{21F7B852-38F9-2A41-9309-3F9B9BF985B1}.Release|Win32.Build.0 = Release|Win32
		{21F7B852-38F9-2A41-9309-3F9B9BF985B1}.Release|x64.ActiveCfg = Release|x64
		{21F7B852-38F9-2A41-9309-3F9B9BF985B1}.Release|x64.Build.0 = Release|x64
		{45EB7A0D-7F90-944F-A1D7-BA10671E0C10}.Debug|Win32.ActiveCfg = Debug|Win32
		{45EB7A0D-7F90-944F-A1D7-BA10671E0C10}.Debug|Win32.Build.0 = Debug|Win32
		{45EB7A0D-7F90-944F-A1D7-BA10671E0C10}.Debug|x64.ActiveCfg = Debug|x64
		{45EB7A0D-7F90-944F-A1D7-BA10671E0C10}.Debug|x64.Build.0 = Debug|x64
		{45EB7A0D-7F90-944F-A1D7-BA10671E0C10}.Release|Win32.ActiveCfg = Release|Win32
		{45EB7A0D-7F90-944F-A1D7-BA10671E0C10}.Release|Win32.Build.0 = Release|Win32
		{45EB7A0D-7F90-944F-A1D7-BA10671E0C10}.Release|x64.ActiveCfg = Release|x64
		{45EB7A0D-7F90-944F-A1D7-BA10671E0C10}.Release|x64.Build.0 = Release|x64
		{874CB607-6C0F-2243-8D3D-F9F9727CFD4B}.Debug|Win32.ActiveCfg = Debug|Win32
		{874CB607-6C0F-2243-8D3D-F9F9727CFD4B}.Debug|Win32.Build.0 = Debug|Win32
		{874CB607-6C0F-2243-8D3D-F9F9727CFD4B}.Debug|x64.ActiveCfg = Debug|x64
		{874CB607-6C0F-2243-8D3D-F9F9727CFD4B}.Debug|x64.Build.0 = Debug|x64
		{874CB607-6C0F-2243-8D3D-F9F9727CFD4B}.Release|Win32.ActiveCfg = Release|Win32
		{874CB607-6C0F-2243-8D3D-F9F9727CFD4B}.Release|Win32.Build.0 = Release|Win32
		{874CB607-6C0F-2243-8D3D-F9F9727CFD4B}.Release|x64.ActiveCfg = Release|x64
		{874CB607-6C0F-2243-8D3D-F9F9727CFD4B}.Release|x64.Build.0 = Release|x64
		{E0EDBE51-5780-3C4B-98C2-9DFA2972A877}.Debug|Win32.ActiveCfg = Debug|Win32
		{E0EDBE51-5780-3C4B-98C2-9DFA2972A877}.Debug|Win32.Build.0 = Debug|Win32
		{E0EDBE51-5780-3C4B-98C2-9DFA2972A877}.Debug|x64.ActiveCfg = Debug|x64
		{E0EDBE51-5780-3C4B-98C2-9DFA2972A877}.Debug|x64.Build.0 = Debug|x64
		{E0EDBE51-5780-3C4B-98C2-9DFA2972A877}.Release|Win32.ActiveCfg = Release|Win32
		{E0EDBE51-5780-3C4B-98C2-9DFA2972A877}.Release|Win32.Build.0 = Release|Win32
		{E0EDBE51-5780-3C4B-98C2-9DFA2972A877}.Release|x64.ActiveCfg = Release|x64
		{E0EDBE51-5780-3C4B-98C2-9DFA2972A877}.Release|x64.Build.0 = Release|x64
		{2B431EB9-11B6-8F41-9E4E-BB982132BC36}.Debug|Win32.ActiveCfg = Debug|Win32
		{2B431EB9-11B6-8F41-9E4E-BB982132BC36}.Debug|Win32.Build.0 = Debug|Win32
		{2B431EB9-11B6-8F41-9E4E-BB982132BC36}.Debug|x64.ActiveCfg = Debug|x64
		{2B431EB9-11B6-8F41-9E4E-BB982132BC36}.Debug|x64.Build.0 = Debug|x64
		{2B431EB9-11B6-8F41-9E4E-BB982132BC36}.Release|Win32.ActiveCfg = Release|Win32
		{2B431EB9-11B6-8F41-9E4E-BB982132BC36}.Release|Win32.Build.0 = Release|Win32
		{2B431EB9-11B6-8F41-9E4E-BB982132BC36}.Release|x64.ActiveCfg = Release|x64
		{2B431EB9-11B6-8F41-9E4E-BB982132BC36}.Release|x64.Build.0 = Release|x64
		{8BF75C1C-2FDE-A14A-83F4-17B5C983B0E4}.Debug|Win32.ActiveCfg = Debug|Win32
		{8BF75C1C-2FDE-A14A-83F4-17B5C983B0E4}.Debug|Win32.Build.0 = Debug|Win32
		{8BF75C1C-2FDE-A14A-83F4-17B5C983B0E4}.Debug|x64.ActiveCfg = Debug|x64
		{8BF75C1C-2FDE-A14A-83F4-17B5C983B0E4}.Debug|x64.Build.0 = Debug|x64
		{8BF75C1C-2FDE-A14A-83F4-17B5C983B0E4}.Release|Win32.ActiveCfg = Release|Win32
		{8BF75C1C-2FDE-A14A-83F4-17B5C983B0E4}.Release|Win32.Build.0 = Release|Win32
		{8BF75C1C-2FDE-A14A-83F4-17B5C983B0E4}.Release|x64.ActiveCfg = Release|x64
		{8BF75C1C-2FDE-A14A-83F4-17B5C983B0E4}.Release|x64.Build.0 = Release|x64
		{3E156B9D-68EB-DF49-A443-780F4E922600}.Debug|Win32.ActiveCfg = Debug|Win32
		{3E156B9D-68EB-DF49-A443-780F4E922600}.Debug|Win32.Build.0 = Debug|Win32
		{3E156B9D-68EB-DF49-A443-780F4E922600}.Debug|x64.ActiveCfg = Debug|x64
		{3E156B9D-68EB-DF49-A443-780F4E922600}.Debug|x64.Build.0 = Debug|x64
		{3E156B9D-68EB-DF49-A443-780F4E922600}.Release|Win32.ActiveCfg = Release|Win32
		{3E156B9D-68EB-DF49-A443-780F4E922600}.Release|Win32.Build.0 = Release|Win32
		{3E156B9D-68EB-DF49-A443-780F4E922600}.Release|x64.ActiveCfg = Release|x64
		{3E156B9D-68EB-DF49-A443-780F4E922600}.Release|x64.Build.0 = Release|x64
		{CACE2CF1-60A4-2442-B8AC-9191A16B15C3}.Debug|Win32.ActiveCfg = Debug|Win32
		{CACE2CF1-60A4-2442-B8AC-9191A16B15C3}.Debug|Win32.Build.0 = Debug|Win32
		{CACE2CF1-60A4-2442-B8AC-9191A16B15C3}.Debug|x64.ActiveCfg = Debug|x64
		{CACE2CF1-60A4-2442-B8AC-9191A16B15C3}.Debug|x64.Build.0 = Debug|x64
		{CACE2CF1-60A4-2442-B8AC-9191A16B15C3}.Release|Win32.ActiveCfg = Release|Win32
		{CACE2CF1-60A4-2442-B8AC-9191A16B15C3}.Release|Win32.Build.0 = Release|Win32
		{CACE2CF1-60A4-2442-B8AC-9191A16B15C3}.Release|x64.ActiveCfg = Release|x64
		{CACE2CF1-60A4-2442-B8AC-9191A16B15C3}.Release|x64.Build.0 = Release|x64
		{3D0FD043-ED83-364E-AEAE-F61ADD5E3039}.Debug|Win32.ActiveCfg = Debug|Win32
		{3D0FD043-ED83-364E-AEAE-F61ADD5E3039}.Debug|Win32.Build.0 = Debug|Win32
		{3D0FD043-ED83-364E-AEAE-F61ADD5E3039}.Debug|x64.ActiveCfg = Debug|x64
		{3D0FD043-ED83-364E-AEAE-F61ADD5E3039}.Debug|x64.Build.0 = Debug|x64
		{3D0FD043-ED83-364E-AEAE-F61ADD5E3039}.Release|Win32.ActiveCfg = Release|Win32
		{3D0FD043-ED83-364E-AEAE-F61ADD5E3039}.Release|Win32.Build.0 = Release|Win32
		{3D0FD043-ED83-364E-AEAE-F61ADD5E3039}.Release|x64.ActiveCfg = Release|x64
		{3D0FD043-ED83-364E-AEAE-F61ADD5E3039}.Release|x64.Build.0 = Release|x64
		{E0C58195-188B-0345-AAFF-18A3192FDB9B}.Debug|Win32.ActiveCfg = Debug|Win32
		{E0C58195-188B-0345-AAFF-18A3192FDB9B}.Debug|Win32.Build.0 = Debug|Win32
		{E0C58195-188B-0345-AAFF-18A3192FDB9B}.Debug|x64.ActiveCfg = Debug|x64
		{E0C58195-188B-0345-AAFF-18A3192FDB9B}.Debug|x64.Build.0 = Debug|x64
		{E0C58195-188B-0345-AAFF-18A3192FDB9B}.Release|Win32.ActiveCfg = Release|Win32
		{E0C58195-188B-0345-AAFF-18A3192FDB9B}.Release|Win32.Build.0 = Release|Win32
		{E0C58195-188B-0345-AAFF-18A3192FDB9B}.Release|x64.ActiveCfg = Release|x64
		{E0C58195-188B-0345-AAFF-18A3192FDB9B}.Release|x64.Build.0 = Release|x64
		{1DADF614-557B-E643-9057-79737465E30C}.Debug|Win32.ActiveCfg = Debug|Win32
		{1DADF614-557B-E643-9057-79737465E30C}.Debug|Win32.Build.0 = Debug|Win32
		{1DADF614-557B-E643-9057-79737465E30C}.Debug|x64.ActiveCfg = Debug|x64
		{1DADF614-557B-E643-9057-79737465E30C}.Debug|x64.Build.0 = Debug|x64
		{1DADF614-557B-E643-9057-79737465E30C}.Release|Win32.ActiveCfg = Release|Win32
		{1DADF614-557B-E643-9057-79737465E30C}.Release|Win32.Build.0 = Release|Win32
		{1DADF614-557B-E643-9057-79737465E30C}.Release|x64.ActiveCfg = Release|x64
		{1DADF614-557B-E643-9057-79737465E30C}.Release|x64.Build.0 = Release|x64
		{DA307F55-382F-564E-9E2A-D73DB10121C2}.Debug|Win32.ActiveCfg = Debug|Win32
		{DA307F55-382F-564E-9E2A-D73DB10121C2}.Debug|Win32.Build.0 = Debug|Win32
		{DA307F55-382F-564E-9E2A-D73DB10121C2}.Debug|x64.ActiveCfg = Debug|x64
		{DA307F55-382F-564E-9E2A-D73DB10121C2}.Debug|x64.Build.0 = Debug|x64
		{DA307F55-382F-564E-9E2A-D73DB10121C2}.Release|Win32.ActiveCfg = Release|Win32
		{DA307F55-382F-564E-9E2A-D73DB10121C2}.Release|Win32.Build.0 = Release|Win32
		{DA307F55-382F-564E-9E2A-D73DB10121C2}.Release|x64.ActiveCfg = Release|x64
		{DA307F55-382F-564E-9E2A-D73DB10121C2}.Release|x64.Build.0 = Release|x64
		{EACF7B58-2443-184B-8A63-4175A72D25A1}.Debug|Win32.ActiveCfg = Debug|Win32
		{EACF7B58-2443-184B-8A63-4175A72D25A1}.Debug|Win32.Build.0 = Debug|Win32
		{EACF7B58-2443-184B-8A63-4175A72D25A1}.Debug|x64.ActiveCfg = Debug|x64
		{EACF7B58-2443-184B-8A63-4175A72D25A1}.Debug|x64.Build.0 = Debug|x64
		{EACF7B58-2443-184B-8A63-4175A72D25A1}.Release|Win32.ActiveCfg = Release|Win32
		{EACF7B58-2443-184B-8A63-4175A72D25A1}.Release|Win32.Build.0 = Release|Win32
		{EACF7B58-2443-184B-8A63-4175A72D25A1}.Release|x64.ActiveCfg = Release|x64
		{EACF7B58-2443-184B-8A63-4175A72D25A1}.Release|x64.Build.0 = Release|x64
		{20B91305-3288-004E-87D1-4D23AFC0F259}.Debug|Win32.ActiveCfg = Debug|Win32
		{20B91305-3288-004E-87D1-4D23AFC0F259}.Debug|Win32.Build.0 = Debug|Win32
		{20B91305-3288-004E-87D1-4D23AFC0F259}.Debug|x64.ActiveCfg = Debug|x64
		{20B91305-3288-004E-87D1-4D23AFC0F259}.Debug|x64.Build.0 = Debug|x64
		{20B91305-3288-004E-87D1-4D23AFC0F259}.Release|Win32.ActiveCfg = Release|Win32
		{20B91305-3288-004E-87D1-4D23AFC0F259}.Release|Win32.Build.0 = Release|Win32
		{20B91305-3288-004E-87D1-4D23AFC0F259}.Release|x64.ActiveCfg = Release|x64
		{20B91305-3288-004E-87D1-4D23AFC0F259}.Release|x64.Build.0 = Release|x64
		{C54075AF-3888-5546-9A9C-80947F5C2751}.Debug|Win32.ActiveCfg = Debug|Win32
		{C54075AF-3888-5546-9A9C-80947F5C2751}.Debug|Win32.Build.0 = Debug|Win32
		{C54075AF-3888-5546-9A9C-80947F5C2751}.Debug|x64.ActiveCfg = Debug|x64
		{C54075AF-3888-5546-9A9C-80947F5C2751}.Debug|x64.Build.0 = Debug|x64
		{C54075AF-3888-5546-9A9C-80947F5C2751}.Release|Win32.ActiveCfg = Release|Win32
		{C54075AF-3888-5546-9A9C-80947F5C2751}.Release|Win32.Build.0 = Release|Win32
		{C54075AF-3888-5546-9A9C-80947F5C2751}.Release|x64.ActiveCfg = Release|x64
		{C54075AF-3888-5546-9A9C-80947F5C2751}.Release|x64.Build.0 = Release|x64
		{9AFB442A-4ADE-DB44-89C9-6FFDC2DFBCF9}.Debug|Win32.ActiveCfg = Debug|Win32
		{9AFB442A-4ADE-DB44-89C9-6FFDC2DFBCF9}.Debug|Win32.Build.0 = Debug|Win32
		{9AFB442A-4ADE-DB44-89C9-6FFDC2DFBCF9}.Debug|x64.ActiveCfg = Debug|x64
		{9AFB442A-4ADE-DB44-89C9-6FFDC2DFBCF9}.Debug|x64.Build.0 = Debug|x64
		{9AFB442A-4ADE-DB44-89C9-6FFDC2DFBCF9}.Release|Win32.ActiveCfg = Release|Win32
		{9AFB442A-4ADE-DB44-89C9-6FFDC2DFBCF9}.Release|Win32.Build.0 = Release|Win32
		{9AFB442A-4ADE-DB44-89C9-6FFDC2DFBCF9}.Release|x64.ActiveCfg = Release|x64
		{9AFB442A-4ADE-DB44-89C9-6FFDC2DFBCF9}.Release|x64.Build.0 = Release|x64
		{7797F126-D429-4F4F-B83F-ABD7A788D0BF}.Debug|Win32.ActiveCfg = Debug|Win32
		{7797F126-D429-4F4F-B83F-ABD7A788D0BF}.Debug|Win32.Build.0 = Debug|Win32
		{7797F126-D429-4F4F-B83F-ABD7A788D0BF}.Debug|x64.ActiveCfg = Debug|x64
		{7797F126-D429-4F4F-B83F-ABD7A788D0BF}.Debug|x64.Build.0 = Debug|x64
		{7797F126-D429-4F4F-B83F-ABD7A788D0BF}.Release|Win32.ActiveCfg = Release|Win32
		{7797F126-D429-4F4F-B83F-ABD7A788D0BF}.Release|Win32.Build.0 = Release|Win32
		{7797F126-D429-4F4F-B83F-ABD7A788D0BF}.Release|x64.ActiveCfg = Release|x64
		{7797F126-D429-4F4F-B83F-ABD7A788D0BF}.Release|x64.Build.0 = Release|x64
		{4B0446EA-4BC6-6749-BEB0-BD5C8D05BBC8}.Debug|Win32.ActiveCfg = Debug|Win32
		{4B0446EA-4BC6-6749-BEB0-BD5C8D05BBC8}.Debug|Win32.Build.0 = Debug|Win32
		{4B0446EA-4BC6-6749-BEB0-BD5C8D05BBC8}.Debug|x64.ActiveCfg = Debug|x64
		{4B0446EA-4BC6-6749-BEB0-BD5C8D05BBC8}.Debug|x64.Build.0 = Debug|x64
		{4B0446EA-4BC6-6749-BEB0-BD5C8D05BBC8}.Release|Win32.ActiveCfg = Release|Win32
		{4B0446EA-4BC6-6749-BEB0-BD5C8D05BBC8}.Release|Win32.Build.0 = Release|Win32
		{4B0446EA-4BC6-6749-BEB0-BD5C8D05BBC8}.Release|x64.ActiveCfg = Release|x64
		{4B0446EA-4BC6-6749-BEB0-BD5C8D05BBC8}.Release|x64.Build.0 = Release|x64
		{1D5AF80E-0B5F-D84C-91E0-B4375DE5EEA5}.Debug|Win32.ActiveCfg = Debug|Win32
		{1D5AF80E-0B5F-D84C-91E0-B4375DE5EEA5}.Debug|Win32.Build.0 = Debug|Win32
		{1D5AF80E-0B5F-D84C-91E0-B4375DE5EEA5}.Debug|x64.ActiveCfg = Debug|x64
		{1D5AF80E-0B5F-D84C-91E0-B4375DE5EEA5}.Debug|x64.Build.0 = Debug|x64
		{1D5AF80E-0B5F-D84C-91E0-B4375DE5EEA5}.Release|Win32.ActiveCfg = Release|Win32
		{1D5AF80E-0B5F-D84C-91E0-B4375DE5EEA5}.Release|Win32.Build.0 = Release|Win32
		{1D5AF80E-0B5F-D84C-91E0-B4375DE5EEA5}.Release|x64.ActiveCfg = Release|x64
		{1D5AF80E-0B5F-D84C-91E0-B4375DE5EEA5}.Release|x64.Build.0 = Release|x64
		{7B4E42FF-483D-E846-8CE9-B7A98841D3F5}.Debug|Win32.ActiveCfg = Debug|Win32
		{7B4E42FF-483D-E846-8CE9-B7A98841D3F5}.Debug|Win32.Build.0 = Debug|Win32
		{7B4E42FF-483D-E846-8CE9-B7A98841D3F5}.Debug|x64.ActiveCfg = Debug|x64
		{7B4E42FF-483D-E846-8CE9-B7A98841D3F5}.Debug|x64.Build.0 = Debug|x64
		{7B4E42FF-483D-E846-8CE9-B7A98841D3F5}.Release|Win32.ActiveCfg = Release|Win32
		{7B4E42FF-483D-E846-8CE9-B7A98841D3F5}.Release|Win32.Build.0 = Release|Win32
		{7B4E42FF-483D-E846-8CE9-B7A98841D3F5}.Release|x64.ActiveCfg = Release|x64
		{7B4E42FF-483D-E846-8CE9-B7A98841D3F5}.Release|x64.Build.0 = Release|x64
		{97BA1FB4-F13C-3E44-8DC9-2CC192D41E83}.Debug|Win32.ActiveCfg = Debug|Win32
		{97BA1FB4-F13C-3E44-8DC9-2CC192D41E83}.Debug|Win32.Build.0 = Debug|Win32
		{97BA1FB4-F13C-3E44-8DC9-2CC192D41E83}.Debug|x64.ActiveCfg = Debug|x64
		{97BA1FB4-F13C-3E44-8DC9-2CC192D41E83}.Debug|x64.Build.0 = Debug|x64
		{97BA1FB4-F13C-3E44-8DC9-2CC192D41E83}.Release|Win32.ActiveCfg = Release|Win32
		{97BA1FB4-F13C-3E44-8DC9-2CC192D41E83}.Release|Win32.Build.0 = Release|Win32
		{97BA1FB4-F13C-3E44-8DC9-2CC192D41E83}.Release|x64.ActiveCfg = Release|x64
		{97BA1FB4-F13C-3E44-8DC9-2CC192D41E83}.Release|x64.Build.0 = Release|x64
		{12CC5FEB-9FCE-D244-975D-863997221920}.Debug|Win32.ActiveCfg = Debug|Win32
		{12CC5FEB-9FCE-D244-975D-863997221920}.Debug|Win32.Build.0 = Debug|Win32
		{12CC5FEB-9FCE-D244-975D-863997221920}.Debug|x64.ActiveCfg = Debug|x64
		{12CC5FEB-9FCE-D244-975D-863997221920}.Debug|x64.Build.0 = Debug|x64
		{12CC5FEB-9FCE-D244-975D-863997221920}.Release|Win32.ActiveCfg = Release|Win32
		{12CC5FEB-9FCE-D244-975D-863997221920}.Release|Win32.Build.0 = Release|Win32
		{12CC5FEB-9FCE-D244-975D-863997221920}.Release|x64.ActiveCfg = Release|x64
		{12CC5FEB-9FCE-D244-975D-863997221920}.Release|x64.Build.0 = Release|x64
		{E7CF84F0-F921-A148-BBAD-7FE1377656D8}.Debug|Win32.ActiveCfg = Debug|Win32
		{E7CF84F0-F921-A148-BBAD-7FE1377656D8}.Debug|Win32.Build.0 = Debug|Win32
		{E7CF84F0-F921-A148-BBAD-7FE1377656D8}.Debug|x64.ActiveCfg = Debug|x64
		{E7CF84F0-F921-A148-BBAD-7FE1377656D8}.Debug|x64.Build.0 = Debug|x64
		{E7CF84F0-F921-A148-BBAD-7FE1377656D8}.Release|Win32.ActiveCfg = Release|Win32
		{E7CF84F0-F921-A148-BBAD-7FE1377656D8}.Release|Win32.Build.0 = Release|Win32
		{E7CF84F0-F921-A148-BBAD-7FE1377656D8}.Release|x64.ActiveCfg = Release|x64
		{E7CF84F0-F921-A148-BBAD-7FE1377656D8}.Release|x64.Build.0 = Release|x64
		{134622C9-95BF-B542-B80A-281252076831}.Debug|Win32.ActiveCfg = Debug|Win32
		{134622C9-95BF-B542-B80A-281252076831}.Debug|Win32.Build.0 = Debug|Win32
		{134622C9-95BF-B542-B80A-281252076831}.Debug|x64.ActiveCfg = Debug|x64
		{134622C9-95BF-B542-B80A-281252076831}.Debug|x64.Build.0 = Debug|x64
		{134622C9-95BF-B542-B80A-281252076831}.Release|Win32.ActiveCfg = Release|Win32
		{134622C9-95BF-B542-B80A-281252076831}.Release|Win32.Build.0 = Release|Win32
		{134622C9-95BF-B542-B80A-281252076831}.Release|x64.ActiveCfg = Release|x64
		{134622C9-95BF-B542-B80A-281252076831}.Release|x64.Build.0 = Release|x64
		{A2641D8F-3A4A-CB44-9AA0-C1AA77569AFE}.Debug|Win32.ActiveCfg = Debug|Win32
		{A2641D8F-3A4A-CB44-9AA0-C1AA77569AFE}.Debug|Win32.Build.0 = Debug|Win32
		{A2641D8F-3A4A-CB44-9AA0-C1AA77569AFE}.Debug|x64.ActiveCfg = Debug|x64
		{A2641D8F-3A4A-CB44-9AA0-C1AA77569AFE}.Debug|x64.Build.0 = Debug|x64
		{A2641D8F-3A4A-CB44-9AA0-C1AA77569AFE}.Release|Win32.ActiveCfg = Release|Win32
		{A2641D8F-3A4A-CB44-9AA0-C1AA77569AFE}.Release|Win32.Build.0 = Release|Win32
		{A2641D8F-3A4A-CB44-9AA0-C1AA77569AFE}.Release|x64.ActiveCfg = Release|x64
		{A2641D8F-3A4A-CB44-9AA0-C1AA77569AFE}.Release|x64.Build.0 = Release|x64
		{2413CDDB-D718-C041-95F7-7ED6C0C3776E}.Debug|Win32.ActiveCfg = Debug|Win32
		{2413CDDB-D718-C041-95F7-7ED6C0C3776E}.Debug|Win32.Build.0 = Debug|Win32
		{2413CDDB-D718-C041-95F7-7ED6C0C3776E}.Debug|x64.ActiveCfg = Debug|x64
		{2413CDDB-D718-C041-95F7-7ED6C0C3776E}.Debug|x64.Build.0 = Debug|x64
		{2413CDDB-D718-C041-95F7-7ED6C0C3776E}.Release|Win32.ActiveCfg = Release|Win32
		{2413CDDB-D718-C041-95F7-7ED6C0C3776E}.Release|Win32.Build.0 = Release|Win32
		{2413CDDB-D718-C041-95F7-7ED6C0C3776E}.Release|x64.ActiveCfg = Release|x64
		{2413CDDB-D718-C041-95F7-7ED6C0C3776E}.Release|x64.Build.0 = Release|x64
		{85EA61EB-E271-5745-89A9-F49B0A834D07}.Debug|Win32.ActiveCfg = Debug|Win32
		{85EA61EB-E271-5745-89A9-F49B0A834D07}.Debug|Win32.Build.0 = Debug|Win32
		{85EA61EB-E271-5745-89A9-F49B0A834D07}.Debug|x64.ActiveCfg = Debug|x64
		{85EA61EB-E271-5745-89A9-F49B0A834D07}.Debug|x64.Build.0 = Debug|x64
		{85EA61EB-E271-5745-89A9-F49B0A834D07}.Release|Win32.ActiveCfg = Release|Win32
		{85EA61EB-E271-5745-89A9-F49B0A834D07}.Release|Win32.Build.0 = Release|Win32
		{85EA61EB-E271-5745-89A9-F49B0A834D07}.Release|x64.ActiveCfg = Release|x64
		{85EA61EB-E271-5745-89A9-F49B0A834D07}.Release|x64.Build.0 = Release|x64
		{2EEDFDA6-9442-0F48-A5EC-1D1BB805416A}.Debug|Win32.ActiveCfg = Debug|Win32
		{2EEDFDA6-9442-0F48-A5EC-1D1BB805416A}.Debug|Win32.Build.0 = Debug|Win32
		{2EEDFDA6-9442-0F48-A5EC-1D1BB805416A}.Debug|x64.ActiveCfg = Debug|x64
		{2EEDFDA6-9442-0F48-A5EC-1D1BB805416A}.Debug|x64.Build.0 = Debug|x64
		{2EEDFDA6-9442-0F48-A5EC-1D1BB805416A}.Release|Win32.ActiveCfg = Release|Win32
		{2EEDFDA6-9442-0F48-A5EC-1D1BB805416A}.Release|Win32.Build.0 = Release|Win32
		{2EEDFDA6-9442-0F48-A5EC-1D1BB805416A}.Release|x64.ActiveCfg = Release|x64
		{2EEDFDA6-9442-0F48-A5EC-1D1BB805416A}.Release|x64.Build.0 = Release|x64
		{14E0BB30-9DF4-7A4E-A8C9-D15AD564AAFF}.Debug|Win32.ActiveCfg = Debug|Win32
		{14E0BB30-9DF4-7A4E-A8C9-D15AD564AAFF}.Debug|Win32.Build.0 = Debug|Win32
		{14E0BB30-9DF4-7A4E-A8C9-D15AD564AAFF}.Debug|x64.ActiveCfg = Debug|x64
		{14E0BB30-9DF4-7A4E-A8C9-D15AD564AAFF}.Debug|x64.Build.0 = Debug|x64
		{14E0BB30-9DF4-7A4E-A8C9-D15AD564AAFF}.Release|Win32.ActiveCfg = Release|Win32
		{14E0BB30-9DF4-7A4E-A8C9-D15AD564AAFF}.Release|Win32.Build.0 = Release|Win32
		{14E0BB30-9DF4-7A4E-A8C9-D15AD564AAFF}.Release|x64.ActiveCfg = Release|x64
		{14E0BB30-9DF4-7A4E-A8C9-D15AD564AAFF}.Release|x64.Build.0 = Release|x64
		{2CD820B2-BE98-2544-92DE-49A44737F5AF}.Debug|Win32.ActiveCfg = Debug|Win32
		{2CD820B2-BE98-2544-92DE-49A44737F5AF}.Debug|Win32.Build.0 = Debug|Win32
		{2CD820B2-BE98-2544-92DE-49A44737F5AF}.Debug|x64.ActiveCfg = Debug|x64
		{2CD820B2-BE98-2544-92DE-49A44737F5AF}.Debug|x64.Build.0 = Debug|x64
		{2CD820B2-BE98-2544-92DE-49A44737F5AF}.Release|Win32.ActiveCfg = Release|Win32
		{2CD820B2-BE98-2544-92DE-49A44737F5AF}.Release|Win32.Build.0 = Release|Win32
		{2CD820B2-BE98-2544-92DE-49A44737F5AF}.Release|x64.ActiveCfg = Release|x64
		{2CD820B2-BE98-2544-92DE-49A44737F5AF}.Release|x64.Build.0 = Release|x64
		{CC1B95A8-8EA7-CF4D-ADA7-09C12B03059E}.Debug|Win32.ActiveCfg = Debug|Win32
		{CC1B95A8-8EA7-CF4D-ADA7-09C12B03059E}.Debug|Win32.Build.0 = Debug|Win32
		{CC1B95A8-8EA7-CF4D-ADA7-09C12B03059E}.Debug|x64.ActiveCfg = Debug|x64
		{CC1B95A8-8EA7-CF4D-ADA7-09C12B03059E}.Debug|x64.Build.0 = Debug|x64
		{CC1B95A8-8EA7-CF4D-ADA7-09C12B03059E}.Release|Win32.ActiveCfg = Release|Win32
		{CC1B95A8-8EA7-CF4D-ADA7-09C12B03059E}.Release|Win32.Build.0 = Release|Win32
		{CC1B95A8-8EA7-CF4D-ADA7-09C12B03059E}.Release|x64.ActiveCfg = Release|x64
		{CC1B95A8-8EA7-CF4D-ADA7-09C12B03059E}.Release|x64.Build.0 = Release|x64
		{6854B669-5846-7541-968B-674BB6D1CBCA}.Debug|Win32.ActiveCfg = Debug|Win32
		{6854B669-5846-7541-968B-674BB6D1CBCA}.Debug|Win32.Build.0 = Debug|Win32
		{6854B669-5846-7541-968B-674BB6D1CBCA}.Debug|x64.ActiveCfg = Debug|x64
		{6854B669-5846-7541-968B-674BB6D1CBCA}.Debug|x64.Build.0 = Debug|x64
		{6854B669-5846-7541-968B-674BB6D1CBCA}.Release|Win32.ActiveCfg = Release|Win32
		{6854B669-5846-7541-968B-674BB6D1CBCA}.Release|Win32.Build.0 = Release|Win32
		{6854B669-5846-7541-968B-674BB6D1CBCA}.Release|x64.ActiveCfg = Release|x64
		{6854B669-5846-7541-968B-674BB6D1CBCA}.Release|x64.Build.0 = Release|x64
		{3C326114-24CF-274C-B5C6-3E48CA4EAE0D}.Debug|Win32.ActiveCfg = Debug|Win32
		{3C326114-24CF-274C-B5C6-3E48CA4EAE0D}.Debug|Win32.Build.0 = Debug|Win32
		{3C326114-24CF-274C-B5C6-3E48CA4EAE0D}.Debug|x64.ActiveCfg = Debug|x64
		{3C326114-24CF-274C-B5C6-3E48CA4EAE0D}.Debug|x64.Build.0 = Debug|x64
		{3C326114-24CF-274C-B5C6-3E48CA4EAE0D}.Release|Win32.ActiveCfg = Release|Win32
		{3C326114-24CF-274C-B5C6-3E48CA4EAE0D}.Release|Win32.Build.0 = Release|Win32
		{3C326114-24CF-274C-B5C6-3E48CA4EAE0D}.Release|x64.ActiveCfg = Release|x64
		{3C326114-24CF-274C-B5C6-3E48CA4EAE0D}.Release|x64.Build.0 = Release|x64
		{1918D699-D817-1C45-AA10-8D0C046FD4D6}.Debug|Win32.ActiveCfg = Debug|Win32
		{1918D699-D817-1C45-AA10-8D0C046FD4D6}.Debug|Win32.Build.0 = Debug|Win32
		{1918D699-D817-1C45-AA10-8D0C046FD4D6}.Debug|x64.ActiveCfg = Debug|x64
		{1918D699-D817-1C45-AA10-8D0C046FD4D6}.Debug|x64.Build.0 = Debug|x64
		{1918D699-D817-1C45-AA10-8D0C046FD4D6}.Release|Win32.ActiveCfg = Release|Win32
		{1918D699-D817-1C45-AA10-8D0C046FD4D6}.Release|Win32.Build.0 = Release|Win32
		{1918D699-D817-1C45-AA10-8D0C046FD4D6}.Release|x64.ActiveCfg = Release|x64
		{1918D699-D817-1C45-AA10-8D0C046FD4D6}.Release|x64.Build.0 = Release|x64
		{095C91A6-8EEF-C445-BEA6-AC9F37244D0A}.Debug|Win32.ActiveCfg = Debug|Win32
		{095C91A6-8EEF-C445-BEA6-AC9F37244D0A}.Debug|Win32.Build.0 = Debug|Win32
		{095C91A6-8EEF-C445-BEA6-AC9F37244D0A}.Debug|x64.ActiveCfg = Debug|x64
		{095C91A6-8EEF-C445-BEA6-AC9F37244D0A}.Debug|x64.Build.0 = Debug|x64
		{095C91A6-8EEF-C445-BEA6-AC9F37244D0A}.Release|Win32.ActiveCfg = Release|Win32
		{095C91A6-8EEF-C445-BEA6-AC9F37244D0A}.Release|Win32.Build.0 = Release|Win32
		{095C91A6-8EEF-C445-BEA6-AC9F37244D0A}.Release|x64.ActiveCfg = Release|x64
		{095C91A6-8EEF-C445-BEA6-AC9F37244D0A}.Release|x64.Build.0 = Release|x64
		{990CCAB9-0EF9-494D-A970-BF3B05F668A7}.Debug|Win32.ActiveCfg = Debug|Win32
		{990CCAB9-0EF9-494D-A970-BF3B05F668A7}.Debug|Win32.Build.0 = Debug|Win32
		{990CCAB9-0EF9-494D-A970-BF3B05F668A7}.Debug|x64.ActiveCfg = Debug|x64
		{990CCAB9-0EF9-494D-A970-BF3B05F668A7}.Debug|x64.Build.0 = Debug|x64
		{990CCAB9-0EF9-494D-A970-BF3B05F668A7}.Release|Win32.ActiveCfg = Release|Win32
		{990CCAB9-0EF9-494D-A970-BF3B05F668A7}.Release|Win32.Build.0 = Release|Win32
		{990CCAB9-0EF9-494D-A970-BF3B05F668A7}.Release|x64.ActiveCfg = Release|x64
		{990CCAB9-0EF9-494D-A970-BF3B05F668A7}.Release|x64.Build.0 = Release|x64
		{560ED91E-88EB-C94F-93F0-7DAE76F4CB2A}.Debug|Win32.ActiveCfg = Debug|Win32
		{560ED91E-88EB-C94F-93F0-7DAE76F4CB2A}.Debug|Win32.Build.0 = Debug|Win32
		{560ED91E-88EB-C94F-93F0-7DAE76F4CB2A}.Debug|x64.ActiveCfg = Debug|x64
		{560ED91E-88EB-C94F-93F0-7DAE76F4CB2A}.Debug|x64.Build.0 = Debug|x64
		{560ED91E-88EB-C94F-93F0-7DAE76F4CB2A}.Release|Win32.ActiveCfg = Release|Win32
		{560ED91E-88EB-C94F-93F0-7DAE76F4CB2A}.Release|Win32.Build.0 = Release|Win32
		{560ED91E-88EB-C94F-93F0-7DAE76F4CB2A}.Release|x64.ActiveCfg = Release|x64
		{560ED91E-88EB-C94F-93F0-7DAE76F4CB2A}.Release|x64.Build.0 = Release|x64
		{88C346C8-B44B-CF4A-A4E8-EC409EF50A6E}.Debug|Win32.ActiveCfg = Debug|Win32
		{88C346C8-B44B-CF4A-A4E8-EC409EF50A6E}.Debug|Win32.Build.0 = Debug|Win32
		{88C346C8-B44B-CF4A-A4E8-EC409EF50A6E}.Debug|x64.ActiveCfg = Debug|x64
		{88C346C8-B44B-CF4A-A4E8-EC409EF50A6E}.Debug|x64.Build.0 = Debug|x64
		{88C346C8-B44B-CF4A-A4E8-EC409EF50A6E}.Release|Win32.ActiveCfg = Release|Win32
		{88C346C8-B44B-CF4A-A4E8-EC409EF50A6E}.Release|Win32.Build.0 = Release|Win32
		{88C346C8-B44B-CF4A-A4E8-EC409EF50A6E}.Release|x64.ActiveCfg = Release|x64
		{88C346C8-B44B-CF4A-A4E8-EC409EF50A6E}.Release|x64.Build.0 = Release|x64
		{986C2941-34FB-5248-B50F-F0B7F69D825F}.Debug|Win32.ActiveCfg = Debug|Win32
		{986C2941-34FB-5248-B50F-F0B7F69D825F}.Debug|Win32.Build.0 = Debug|Win32
		{986C2941-34FB-5248-B50F-F0B7F69D825F}.Debug|x64.ActiveCfg = Debug|x64
		{986C2941-34FB-5248-B50F-F0B7F69D825F}.Debug|x64.Build.0 = Debug|x64
		{986C2941-34FB-5248-B50F-F0B7F69D825F}.Release|Win32.ActiveCfg = Debug|Win32
		{986C2941-34FB-5248-B50F-F0B7F69D825F}.Release|Win32.Build.0 = Debug|Win32
		{986C2941-34FB-5248-B50F-F0B7F69D825F}.Release|x64.ActiveCfg = Release|x64
		{986C2941-34FB-5248-B50F-F0B7F69D825F}.Release|x64.Build.0 = Release|x64
		{964267E4-1D36-0E44-BDC5-2E7779B6BD2D}.Debug|Win32.ActiveCfg = Debug|Win32
		{964267E4-1D36-0E44-BDC5-2E7779B6BD2D}.Debug|Win32.Build.0 = Debug|Win32
		{964267E4-1D36-0E44-BDC5-2E7779B6BD2D}.Debug|x64.ActiveCfg = Debug|x64
		{964267E4-1D36-0E44-BDC5-2E7779B6BD2D}.Debug|x64.Build.0 = Debug|x64
		{964267E4-1D36-0E44-BDC5-2E7779B6BD2D}.Release|Win32.ActiveCfg = Debug|Win32
		{964267E4-1D36-0E44-BDC5-2E7779B6BD2D}.Release|Win32.Build.0 = Debug|Win32
		{964267E4-1D36-0E44-BDC5-2E7779B6BD2D}.Release|x64.ActiveCfg = Release|x64
		{964267E4-1D36-0E44-BDC5-2E7779B6BD2D}.Release|x64.Build.0 = Release|x64
		{EE156D7D-9D90-114F-8169-669A1E7CEFC7}.Debug|Win32.ActiveCfg = Debug|Win32
		{EE156D7D-9D90-114F-8169-669A1E7CEFC7}.Debug|Win32.Build.0 = Debug|Win32
		{EE156D7D-9D90-114F-8169-669A1E7CEFC7}.Debug|x64.ActiveCfg = Debug|x64
		{EE156D7D-9D90-114F-8169-669A1E7CEFC7}.Debug|x64.Build.0 = Debug|x64
		{EE156D7D-9D90-114F-8169-669A1E7CEFC7}.Release|Win32.ActiveCfg = Debug|Win32
		{EE156D7D-9D90-114F-8169-669A1E7CEFC7}.Release|Win32.Build.0 = Debug|Win32
		{EE156D7D-9D90-114F-8169-669A1E7CEFC7}.Release|x64.ActiveCfg = Release|x64
		{EE156D7D-9D90-114F-8169-669A1E7CEFC7}.Release|x64.Build.0 = Release|x64
	EndGlobalSection
	GlobalSection(SolutionProperties) = preSolution
		HideSolutionNode = FALSE
	EndGlobalSection
EndGlobal
