<?xml version="1.0" encoding="utf-8"?>
<Project ToolsVersion="4.0" xmlns="http://schemas.microsoft.com/developer/msbuild/2003">
  <ItemGroup>
    <Filter Include="examples">
      <UniqueIdentifier>{9FE7709A-38C7-9745-8B21-BAFB8FFA12F4}</UniqueIdentifier>
    </Filter>
    <Filter Include="examples\ThirdPartyLibs">
      <UniqueIdentifier>{5642DD16-998F-FB42-997C-D39B98985584}</UniqueIdentifier>
    </Filter>
    <Filter Include="examples\ThirdPartyLibs\Glew">
      <UniqueIdentifier>{97E9CE81-223E-2C45-8DD0-C4A74D9DAD7D}</UniqueIdentifier>
    </Filter>
    <Filter Include="examples\ExtendedTutorials">
      <UniqueIdentifier>{E151785D-9790-EF47-BCFD-276873BFEAEF}</UniqueIdentifier>
    </Filter>
    <Filter Include="examples\StandaloneMain">
      <UniqueIdentifier>{07864BD5-40A5-0A47-AB85-983C399CF6F7}</UniqueIdentifier>
    </Filter>
    <Filter Include="examples\ExampleBrowser">
      <UniqueIdentifier>{1F587425-0A46-2849-941E-534AFACE9BAF}</UniqueIdentifier>
    </Filter>
    <Filter Include="examples\CommonInterfaces">
      <UniqueIdentifier>{5C59596B-5C24-FC4B-971C-0AB46A7DC5DD}</UniqueIdentifier>
    </Filter>
    <Filter Include="examples\TinyRenderer">
      <UniqueIdentifier>{B3BA7499-5917-0541-B7C4-D41155CCD37A}</UniqueIdentifier>
    </Filter>
    <Filter Include="examples\Utils">
      <UniqueIdentifier>{277B2A62-CE84-D145-8BE9-0E875A147CC4}</UniqueIdentifier>
    </Filter>
    <Filter Include="examples\RenderingExamples">
      <UniqueIdentifier>{4736F05C-22B0-544A-9AC4-DD551A3B9B90}</UniqueIdentifier>
    </Filter>
    <Filter Include="examples\MultiBody">
      <UniqueIdentifier>{37AF0E33-0552-BC43-AE8C-5139E95DD32E}</UniqueIdentifier>
    </Filter>
    <Filter Include="examples\ThirdPartyLibs\tinyxml">
      <UniqueIdentifier>{51CD76E7-A780-B84A-9499-8ED9AC70513F}</UniqueIdentifier>
    </Filter>
    <Filter Include="examples\ThirdPartyLibs\Wavefront">
      <UniqueIdentifier>{9DCC1F2B-A5D8-8D44-9ED4-C2FBBB5601BF}</UniqueIdentifier>
    </Filter>
    <Filter Include="examples\Importers">
      <UniqueIdentifier>{4B129BEB-729B-4E41-B5A0-19878EC9B23D}</UniqueIdentifier>
    </Filter>
    <Filter Include="examples\Importers\ImportColladaDemo">
      <UniqueIdentifier>{8E08F04C-78B2-D447-82ED-987D95D975C3}</UniqueIdentifier>
    </Filter>
    <Filter Include="examples\Importers\ImportObjDemo">
      <UniqueIdentifier>{949DEB7A-CA7C-9E46-BDA0-4B3AC16E1609}</UniqueIdentifier>
    </Filter>
    <Filter Include="examples\Importers\ImportURDFDemo">
      <UniqueIdentifier>{9BF62D6F-A2FB-4649-B71D-02051439A7BE}</UniqueIdentifier>
    </Filter>
    <Filter Include="examples\Importers\ImportMeshUtility">
      <UniqueIdentifier>{B7FCAA11-949A-F444-AC4C-B18A0EA67C3A}</UniqueIdentifier>
    </Filter>
    <Filter Include="examples\ThirdPartyLibs\stb_image">
      <UniqueIdentifier>{DA7EC63B-83E2-0942-A6C1-C4210E00EFEC}</UniqueIdentifier>
    </Filter>
  </ItemGroup>
  <ItemGroup>
    <ClInclude Include="..\..\examples\ExtendedTutorials\Bridge.h">
      <Filter>examples\ExtendedTutorials</Filter>
    </ClInclude>
    <ClInclude Include="..\..\examples\ExtendedTutorials\Chain.h">
      <Filter>examples\ExtendedTutorials</Filter>
    </ClInclude>
    <ClInclude Include="..\..\examples\ExtendedTutorials\InclinedPlane.h">
      <Filter>examples\ExtendedTutorials</Filter>
    </ClInclude>
    <ClInclude Include="..\..\examples\ExtendedTutorials\MultiPendulum.h">
      <Filter>examples\ExtendedTutorials</Filter>
    </ClInclude>
    <ClInclude Include="..\..\examples\ExtendedTutorials\MultipleBoxes.h">
      <Filter>examples\ExtendedTutorials</Filter>
    </ClInclude>
    <ClInclude Include="..\..\examples\ExtendedTutorials\NewtonsCradle.h">
      <Filter>examples\ExtendedTutorials</Filter>
    </ClInclude>
    <ClInclude Include="..\..\examples\ExtendedTutorials\NewtonsRopeCradle.h">
      <Filter>examples\ExtendedTutorials</Filter>
    </ClInclude>
    <ClInclude Include="..\..\examples\ExtendedTutorials\RigidBodyFromObj.h">
      <Filter>examples\ExtendedTutorials</Filter>
    </ClInclude>
    <ClInclude Include="..\..\examples\ExtendedTutorials\SimpleBox.h">
      <Filter>examples\ExtendedTutorials</Filter>
    </ClInclude>
    <ClInclude Include="..\..\examples\ExtendedTutorials\SimpleCloth.h">
      <Filter>examples\ExtendedTutorials</Filter>
    </ClInclude>
    <ClInclude Include="..\..\examples\ExtendedTutorials\SimpleJoint.h">
      <Filter>examples\ExtendedTutorials</Filter>
    </ClInclude>
    <ClInclude Include="..\..\examples\CommonInterfaces\Common2dCanvasInterface.h">
      <Filter>examples\CommonInterfaces</Filter>
    </ClInclude>
    <ClInclude Include="..\..\examples\CommonInterfaces\CommonCameraInterface.h">
      <Filter>examples\CommonInterfaces</Filter>
    </ClInclude>
    <ClInclude Include="..\..\examples\CommonInterfaces\CommonExampleInterface.h">
      <Filter>examples\CommonInterfaces</Filter>
    </ClInclude>
    <ClInclude Include="..\..\examples\CommonInterfaces\CommonGraphicsAppInterface.h">
      <Filter>examples\CommonInterfaces</Filter>
    </ClInclude>
    <ClInclude Include="..\..\examples\CommonInterfaces\CommonGUIHelperInterface.h">
      <Filter>examples\CommonInterfaces</Filter>
    </ClInclude>
    <ClInclude Include="..\..\examples\CommonInterfaces\CommonMultiBodyBase.h">
      <Filter>examples\CommonInterfaces</Filter>
    </ClInclude>
    <ClInclude Include="..\..\examples\CommonInterfaces\CommonParameterInterface.h">
      <Filter>examples\CommonInterfaces</Filter>
    </ClInclude>
    <ClInclude Include="..\..\examples\CommonInterfaces\CommonRenderInterface.h">
      <Filter>examples\CommonInterfaces</Filter>
    </ClInclude>
    <ClInclude Include="..\..\examples\CommonInterfaces\CommonRigidBodyBase.h">
      <Filter>examples\CommonInterfaces</Filter>
    </ClInclude>
    <ClInclude Include="..\..\examples\CommonInterfaces\CommonWindowInterface.h">
      <Filter>examples\CommonInterfaces</Filter>
    </ClInclude>
    <ClInclude Include="..\..\examples\Utils\b3ResourcePath.h">
      <Filter>examples\Utils</Filter>
    </ClInclude>
    <ClInclude Include="..\..\examples\ThirdPartyLibs\Wavefront\tiny_obj_loader.h">
      <Filter>examples\ThirdPartyLibs\Wavefront</Filter>
    </ClInclude>
  </ItemGroup>
  <ItemGroup>
    <ClCompile Include="..\..\examples\ThirdPartyLibs\Glew\glew.c">
      <Filter>examples\ThirdPartyLibs\Glew</Filter>
    </ClCompile>
    <ClCompile Include="..\..\examples\ExtendedTutorials\RigidBodyFromObj.cpp">
      <Filter>examples\ExtendedTutorials</Filter>
    </ClCompile>
    <ClCompile Include="..\..\examples\StandaloneMain\main_sw_tinyrenderer_single_example.cpp">
      <Filter>examples\StandaloneMain</Filter>
    </ClCompile>
    <ClCompile Include="..\..\examples\ExampleBrowser\OpenGLGuiHelper.cpp">
      <Filter>examples\ExampleBrowser</Filter>
    </ClCompile>
    <ClCompile Include="..\..\examples\ExampleBrowser\GL_ShapeDrawer.cpp">
      <Filter>examples\ExampleBrowser</Filter>
    </ClCompile>
    <ClCompile Include="..\..\examples\ExampleBrowser\CollisionShape2TriangleMesh.cpp">
      <Filter>examples\ExampleBrowser</Filter>
    </ClCompile>
    <ClCompile Include="..\..\examples\TinyRenderer\geometry.cpp">
      <Filter>examples\TinyRenderer</Filter>
    </ClCompile>
    <ClCompile Include="..\..\examples\TinyRenderer\model.cpp">
      <Filter>examples\TinyRenderer</Filter>
    </ClCompile>
    <ClCompile Include="..\..\examples\TinyRenderer\tgaimage.cpp">
      <Filter>examples\TinyRenderer</Filter>
    </ClCompile>
    <ClCompile Include="..\..\examples\TinyRenderer\our_gl.cpp">
      <Filter>examples\TinyRenderer</Filter>
    </ClCompile>
    <ClCompile Include="..\..\examples\TinyRenderer\TinyRenderer.cpp">
      <Filter>examples\TinyRenderer</Filter>
    </ClCompile>
    <ClCompile Include="..\..\examples\Utils\b3ResourcePath.cpp">
      <Filter>examples\Utils</Filter>
    </ClCompile>
    <ClCompile Include="..\..\examples\RenderingExamples\TimeSeriesCanvas.cpp">
      <Filter>examples\RenderingExamples</Filter>
    </ClCompile>
    <ClCompile Include="..\..\examples\RenderingExamples\TimeSeriesFontData.cpp">
      <Filter>examples\RenderingExamples</Filter>
    </ClCompile>
    <ClCompile Include="..\..\examples\MultiBody\InvertedPendulumPDControl.cpp">
      <Filter>examples\MultiBody</Filter>
    </ClCompile>
    <ClCompile Include="..\..\examples\ThirdPartyLibs\tinyxml\tinystr.cpp">
      <Filter>examples\ThirdPartyLibs\tinyxml</Filter>
    </ClCompile>
    <ClCompile Include="..\..\examples\ThirdPartyLibs\tinyxml\tinyxml.cpp">
      <Filter>examples\ThirdPartyLibs\tinyxml</Filter>
    </ClCompile>
    <ClCompile Include="..\..\examples\ThirdPartyLibs\tinyxml\tinyxmlerror.cpp">
      <Filter>examples\ThirdPartyLibs\tinyxml</Filter>
    </ClCompile>
    <ClCompile Include="..\..\examples\ThirdPartyLibs\tinyxml\tinyxmlparser.cpp">
      <Filter>examples\ThirdPartyLibs\tinyxml</Filter>
    </ClCompile>
    <ClCompile Include="..\..\examples\ThirdPartyLibs\Wavefront\tiny_obj_loader.cpp">
      <Filter>examples\ThirdPartyLibs\Wavefront</Filter>
    </ClCompile>
    <ClCompile Include="..\..\examples\Importers\ImportColladaDemo\LoadMeshFromCollada.cpp">
      <Filter>examples\Importers\ImportColladaDemo</Filter>
    </ClCompile>
    <ClCompile Include="..\..\examples\Importers\ImportObjDemo\LoadMeshFromObj.cpp">
      <Filter>examples\Importers\ImportObjDemo</Filter>
    </ClCompile>
    <ClCompile Include="..\..\examples\Importers\ImportObjDemo\Wavefront2GLInstanceGraphicsShape.cpp">
      <Filter>examples\Importers\ImportObjDemo</Filter>
    </ClCompile>
    <ClCompile Include="..\..\examples\Importers\ImportURDFDemo\BulletUrdfImporter.cpp">
      <Filter>examples\Importers\ImportURDFDemo</Filter>
    </ClCompile>
    <ClCompile Include="..\..\examples\Importers\ImportURDFDemo\MyMultiBodyCreator.cpp">
      <Filter>examples\Importers\ImportURDFDemo</Filter>
    </ClCompile>
    <ClCompile Include="..\..\examples\Importers\ImportURDFDemo\URDF2Bullet.cpp">
      <Filter>examples\Importers\ImportURDFDemo</Filter>
    </ClCompile>
    <ClCompile Include="..\..\examples\Importers\ImportURDFDemo\UrdfParser.cpp">
      <Filter>examples\Importers\ImportURDFDemo</Filter>
    </ClCompile>
    <ClCompile Include="..\..\examples\Importers\ImportURDFDemo\urdfStringSplit.cpp">
      <Filter>examples\Importers\ImportURDFDemo</Filter>
    </ClCompile>
    <ClCompile Include="..\..\examples\Importers\ImportMeshUtility\b3ImportMeshUtility.cpp">
      <Filter>examples\Importers\ImportMeshUtility</Filter>
    </ClCompile>
    <ClCompile Include="..\..\examples\ThirdPartyLibs\stb_image\stb_image.cpp">
      <Filter>examples\ThirdPartyLibs\stb_image</Filter>
    </ClCompile>
  </ItemGroup>
</Project>
