<?xml version="1.0" encoding="utf-8"?>
<Project ToolsVersion="4.0" xmlns="http://schemas.microsoft.com/developer/msbuild/2003">
  <ItemGroup>
    <Filter Include="src">
      <UniqueIdentifier>{B1A00FEA-82FF-E648-BA4B-02840BFED6C5}</UniqueIdentifier>
    </Filter>
    <Filter Include="src\clew">
      <UniqueIdentifier>{820DB738-E7ED-A64A-A007-91C0DEC6B281}</UniqueIdentifier>
    </Filter>
    <Filter Include="examples">
      <UniqueIdentifier>{4C02D643-95FF-3246-A651-4E5634A80E96}</UniqueIdentifier>
    </Filter>
    <Filter Include="examples\ThirdPartyLibs">
      <UniqueIdentifier>{C192A007-CD91-8444-8EA1-A5CB4557C1E5}</UniqueIdentifier>
    </Filter>
    <Filter Include="examples\ThirdPartyLibs\minizip">
      <UniqueIdentifier>{BA74D5B6-153E-5849-9FBE-0E9C5B315CCE}</UniqueIdentifier>
    </Filter>
    <Filter Include="examples\ThirdPartyLibs\zlib">
      <UniqueIdentifier>{D5239643-3D63-664C-9A1B-E5EB623DA0A4}</UniqueIdentifier>
    </Filter>
    <Filter Include="test">
      <UniqueIdentifier>{9545C3E5-6501-224F-80F2-D8C633272F2F}</UniqueIdentifier>
    </Filter>
    <Filter Include="test\TestBullet3OpenCL">
      <UniqueIdentifier>{971C1B98-C38A-124F-9CB2-C2740AE97DDB}</UniqueIdentifier>
    </Filter>
    <Filter Include="test\OpenCL">
      <UniqueIdentifier>{4051B70C-A514-0540-B624-C824204B1322}</UniqueIdentifier>
    </Filter>
    <Filter Include="test\OpenCL\BasicInitialize">
      <UniqueIdentifier>{B61E9FB0-1000-314E-B1B3-99008A9FAF1D}</UniqueIdentifier>
    </Filter>
    <Filter Include="test\OpenCL\AllBullet3Kernels">
      <UniqueIdentifier>{8F2F7657-0204-CB42-9E3F-8F7604262C18}</UniqueIdentifier>
    </Filter>
  </ItemGroup>
  <ItemGroup>
    <ClInclude Include="..\..\src\clew\clew.h">
      <Filter>src\clew</Filter>
    </ClInclude>
  </ItemGroup>
  <ItemGroup>
    <ClCompile Include="..\..\src\clew\clew.c">
      <Filter>src\clew</Filter>
    </ClCompile>
    <ClCompile Include="..\..\examples\ThirdPartyLibs\minizip\ioapi.c">
      <Filter>examples\ThirdPartyLibs\minizip</Filter>
    </ClCompile>
    <ClCompile Include="..\..\examples\ThirdPartyLibs\minizip\unzip.c">
      <Filter>examples\ThirdPartyLibs\minizip</Filter>
    </ClCompile>
    <ClCompile Include="..\..\examples\ThirdPartyLibs\minizip\zip.c">
      <Filter>examples\ThirdPartyLibs\minizip</Filter>
    </ClCompile>
    <ClCompile Include="..\..\examples\ThirdPartyLibs\zlib\adler32.c">
      <Filter>examples\ThirdPartyLibs\zlib</Filter>
    </ClCompile>
    <ClCompile Include="..\..\examples\ThirdPartyLibs\zlib\compress.c">
      <Filter>examples\ThirdPartyLibs\zlib</Filter>
    </ClCompile>
    <ClCompile Include="..\..\examples\ThirdPartyLibs\zlib\crc32.c">
      <Filter>examples\ThirdPartyLibs\zlib</Filter>
    </ClCompile>
    <ClCompile Include="..\..\examples\ThirdPartyLibs\zlib\deflate.c">
      <Filter>examples\ThirdPartyLibs\zlib</Filter>
    </ClCompile>
    <ClCompile Include="..\..\examples\ThirdPartyLibs\zlib\gzclose.c">
      <Filter>examples\ThirdPartyLibs\zlib</Filter>
    </ClCompile>
    <ClCompile Include="..\..\examples\ThirdPartyLibs\zlib\gzlib.c">
      <Filter>examples\ThirdPartyLibs\zlib</Filter>
    </ClCompile>
    <ClCompile Include="..\..\examples\ThirdPartyLibs\zlib\gzread.c">
      <Filter>examples\ThirdPartyLibs\zlib</Filter>
    </ClCompile>
    <ClCompile Include="..\..\examples\ThirdPartyLibs\zlib\gzwrite.c">
      <Filter>examples\ThirdPartyLibs\zlib</Filter>
    </ClCompile>
    <ClCompile Include="..\..\examples\ThirdPartyLibs\zlib\infback.c">
      <Filter>examples\ThirdPartyLibs\zlib</Filter>
    </ClCompile>
    <ClCompile Include="..\..\examples\ThirdPartyLibs\zlib\inffast.c">
      <Filter>examples\ThirdPartyLibs\zlib</Filter>
    </ClCompile>
    <ClCompile Include="..\..\examples\ThirdPartyLibs\zlib\inflate.c">
      <Filter>examples\ThirdPartyLibs\zlib</Filter>
    </ClCompile>
    <ClCompile Include="..\..\examples\ThirdPartyLibs\zlib\inftrees.c">
      <Filter>examples\ThirdPartyLibs\zlib</Filter>
    </ClCompile>
    <ClCompile Include="..\..\examples\ThirdPartyLibs\zlib\trees.c">
      <Filter>examples\ThirdPartyLibs\zlib</Filter>
    </ClCompile>
    <ClCompile Include="..\..\examples\ThirdPartyLibs\zlib\uncompr.c">
      <Filter>examples\ThirdPartyLibs\zlib</Filter>
    </ClCompile>
    <ClCompile Include="..\..\examples\ThirdPartyLibs\zlib\zutil.c">
      <Filter>examples\ThirdPartyLibs\zlib</Filter>
    </ClCompile>
    <ClCompile Include="..\..\test\TestBullet3OpenCL\main.cpp">
      <Filter>test\TestBullet3OpenCL</Filter>
    </ClCompile>
    <ClCompile Include="..\..\test\OpenCL\BasicInitialize\testInitOpenCL.cpp">
      <Filter>test\OpenCL\BasicInitialize</Filter>
    </ClCompile>
    <ClCompile Include="..\..\test\OpenCL\AllBullet3Kernels\testCompileBullet3BroadphaseKernels.cpp">
      <Filter>test\OpenCL\AllBullet3Kernels</Filter>
    </ClCompile>
    <ClCompile Include="..\..\test\OpenCL\AllBullet3Kernels\testCompileBullet3IntegrateUpdateAabbKernels.cpp">
      <Filter>test\OpenCL\AllBullet3Kernels</Filter>
    </ClCompile>
    <ClCompile Include="..\..\test\OpenCL\AllBullet3Kernels\testCompileBullet3JacobiContactSolverKernels.cpp">
      <Filter>test\OpenCL\AllBullet3Kernels</Filter>
    </ClCompile>
    <ClCompile Include="..\..\test\OpenCL\AllBullet3Kernels\testCompileBullet3NarrowphaseKernels.cpp">
      <Filter>test\OpenCL\AllBullet3Kernels</Filter>
    </ClCompile>
    <ClCompile Include="..\..\test\OpenCL\AllBullet3Kernels\testCompileBullet3PgsContactSolverKernels.cpp">
      <Filter>test\OpenCL\AllBullet3Kernels</Filter>
    </ClCompile>
    <ClCompile Include="..\..\test\OpenCL\AllBullet3Kernels\testCompileBullet3PgsJointSolverKernels.cpp">
      <Filter>test\OpenCL\AllBullet3Kernels</Filter>
    </ClCompile>
    <ClCompile Include="..\..\test\OpenCL\AllBullet3Kernels\testCompileBullet3RaycastKernels.cpp">
      <Filter>test\OpenCL\AllBullet3Kernels</Filter>
    </ClCompile>
    <ClCompile Include="..\..\test\OpenCL\AllBullet3Kernels\testExecuteBullet3NarrowphaseKernels.cpp">
      <Filter>test\OpenCL\AllBullet3Kernels</Filter>
    </ClCompile>
  </ItemGroup>
</Project>
